// !$*UTF8*$!
{
	archiveVersion = 1;
	classes = {
	};
	objectVersion = 51;
	objects = {

/* Begin PBXBuildFile section */
		90295440F0398DE5AE2905E3 /* Pods_TheBest_iOS.framework in Frameworks */ = {isa = PBXBuildFile; fileRef = 00C9089EE0CE356CA811A998 /* Pods_TheBest_iOS.framework */; };
		AA025ABD24E31C510018C3EE /* Images.swift in Sources */ = {isa = PBXBuildFile; fileRef = AA025ABC24E31C510018C3EE /* Images.swift */; };
		AA025DBB24D5F3D40067C682 /* Taxi.swift in Sources */ = {isa = PBXBuildFile; fileRef = AA025DBA24D5F3D40067C682 /* Taxi.swift */; };
		AA025DBE24D5F42C0067C682 /* TripsServices.swift in Sources */ = {isa = PBXBuildFile; fileRef = AA025DBD24D5F42C0067C682 /* TripsServices.swift */; };
		AA0269A224D63259008EA4F8 /* TaxiOrderVC+TaxiOrderViewDelegate.swift in Sources */ = {isa = PBXBuildFile; fileRef = AA0269A124D63259008EA4F8 /* TaxiOrderVC+TaxiOrderViewDelegate.swift */; };
		AA026F7C24C788CE003FFF4E /* LoginPresenter.swift in Sources */ = {isa = PBXBuildFile; fileRef = AA026F7B24C788CE003FFF4E /* LoginPresenter.swift */; };
		AA026F7E24C78E24003FFF4E /* LoginVC+LoginViewDelegate.swift in Sources */ = {isa = PBXBuildFile; fileRef = AA026F7D24C78E24003FFF4E /* LoginVC+LoginViewDelegate.swift */; };
		AA026F8024C79A89003FFF4E /* API-Endpoints.swift in Sources */ = {isa = PBXBuildFile; fileRef = AA026F7F24C79A89003FFF4E /* API-Endpoints.swift */; };
		AA026F8224C79B31003FFF4E /* AuthServices.swift in Sources */ = {isa = PBXBuildFile; fileRef = AA026F8124C79B31003FFF4E /* AuthServices.swift */; };
		AA026F8424C79DE8003FFF4E /* User.swift in Sources */ = {isa = PBXBuildFile; fileRef = AA026F8324C79DE8003FFF4E /* User.swift */; };
		AA02858424D869FB0017E35D /* DriversTableViewCell.swift in Sources */ = {isa = PBXBuildFile; fileRef = AA02858224D869FA0017E35D /* DriversTableViewCell.swift */; };
		AA02858524D869FB0017E35D /* DriversTableViewCell.xib in Resources */ = {isa = PBXBuildFile; fileRef = AA02858324D869FB0017E35D /* DriversTableViewCell.xib */; };
		AA02858824D879580017E35D /* TaxiOrderVC+GMSMapViewDelegate.swift in Sources */ = {isa = PBXBuildFile; fileRef = AA02858724D879580017E35D /* TaxiOrderVC+GMSMapViewDelegate.swift */; };
		AA02858A24D898570017E35D /* TaxiOrderVC+ GMSAutocompleteViewControllerDelegate.swift in Sources */ = {isa = PBXBuildFile; fileRef = AA02858924D898570017E35D /* TaxiOrderVC+ GMSAutocompleteViewControllerDelegate.swift */; };
		AA028A9324D6F21C007255FD /* Constants.swift in Sources */ = {isa = PBXBuildFile; fileRef = AA028A9224D6F21C007255FD /* Constants.swift */; };
		AA028A9524D6FBC9007255FD /* SetupPicker.swift in Sources */ = {isa = PBXBuildFile; fileRef = AA028A9424D6FBC9007255FD /* SetupPicker.swift */; };
		AA028A9724D708A6007255FD /* Drivers.swift in Sources */ = {isa = PBXBuildFile; fileRef = AA028A9624D708A6007255FD /* Drivers.swift */; };
		AA028A9924D70A0B007255FD /* Distance.swift in Sources */ = {isa = PBXBuildFile; fileRef = AA028A9824D70A0B007255FD /* Distance.swift */; };
		AA04D68E24F83F4F00BE4628 /* FurnitureVC.swift in Sources */ = {isa = PBXBuildFile; fileRef = AA04D68D24F83F4F00BE4628 /* FurnitureVC.swift */; };
		AA04D69024F8435500BE4628 /* FurnitureVC+CLLocationManagerDelegate.swift in Sources */ = {isa = PBXBuildFile; fileRef = AA04D68F24F8435500BE4628 /* FurnitureVC+CLLocationManagerDelegate.swift */; };
		AA04D69224F8439000BE4628 /* FurnitureVC+TaxiOrderViewDelegate.swift in Sources */ = {isa = PBXBuildFile; fileRef = AA04D69124F8439000BE4628 /* FurnitureVC+TaxiOrderViewDelegate.swift */; };
		AA04D69424F8442600BE4628 /* FurnitureVC+GMSMapViewDelegate.swift in Sources */ = {isa = PBXBuildFile; fileRef = AA04D69324F8442600BE4628 /* FurnitureVC+GMSMapViewDelegate.swift */; };
		AA04D69624F8450E00BE4628 /* FurnitureVC+GMSAutocompleteViewControllerDelegate.swift in Sources */ = {isa = PBXBuildFile; fileRef = AA04D69524F8450E00BE4628 /* FurnitureVC+GMSAutocompleteViewControllerDelegate.swift */; };
		AA04D69824F845E300BE4628 /* FurnitureVCPresenter.swift in Sources */ = {isa = PBXBuildFile; fileRef = AA04D69724F845E300BE4628 /* FurnitureVCPresenter.swift */; };
		AA04D69B24F8472D00BE4628 /* TruckTypes.swift in Sources */ = {isa = PBXBuildFile; fileRef = AA04D69A24F8472D00BE4628 /* TruckTypes.swift */; };
		AA04D69E24F8478200BE4628 /* FurnitureServices.swift in Sources */ = {isa = PBXBuildFile; fileRef = AA04D69D24F8478200BE4628 /* FurnitureServices.swift */; };
		AA04D6A024F84AE700BE4628 /* FurnitureVC+CollectionViewDelegate.swift in Sources */ = {isa = PBXBuildFile; fileRef = AA04D69F24F84AE700BE4628 /* FurnitureVC+CollectionViewDelegate.swift */; };
		AA04D6A224F84BCB00BE4628 /* FurnitureVC+FurnitureViewDelegate.swift in Sources */ = {isa = PBXBuildFile; fileRef = AA04D6A124F84BCB00BE4628 /* FurnitureVC+FurnitureViewDelegate.swift */; };
		AA0A5C3A24F030CC00F61198 /* CarsTypesCollectionViewCell.swift in Sources */ = {isa = PBXBuildFile; fileRef = AA0A5C3824F030CC00F61198 /* CarsTypesCollectionViewCell.swift */; };
		AA0A5C3B24F030CC00F61198 /* CarsTypesCollectionViewCell.xib in Resources */ = {isa = PBXBuildFile; fileRef = AA0A5C3924F030CC00F61198 /* CarsTypesCollectionViewCell.xib */; };
		AA0A5C3D24F0359500F61198 /* SpecialNeedCarVC+GMSAutocompleteViewControllerDelegate.swift in Sources */ = {isa = PBXBuildFile; fileRef = AA0A5C3C24F0359500F61198 /* SpecialNeedCarVC+GMSAutocompleteViewControllerDelegate.swift */; };
		AA0A5C3F24F0397E00F61198 /* SpecialNeedCarVC+SpecialNeedCarViewDelegate.swift in Sources */ = {isa = PBXBuildFile; fileRef = AA0A5C3E24F0397E00F61198 /* SpecialNeedCarVC+SpecialNeedCarViewDelegate.swift */; };
		AA0A5C4124F03A3700F61198 /* SpecialNeedCarsVC+CollectionViewDelegates.swift in Sources */ = {isa = PBXBuildFile; fileRef = AA0A5C4024F03A3700F61198 /* SpecialNeedCarsVC+CollectionViewDelegates.swift */; };
		AA0B883324CF4B320055F93E /* ProductVC.swift in Sources */ = {isa = PBXBuildFile; fileRef = AA0B883224CF4B320055F93E /* ProductVC.swift */; };
		AA0B883724CF6A2D0055F93E /* CartItemsTableViewCell.swift in Sources */ = {isa = PBXBuildFile; fileRef = AA0B883524CF6A2D0055F93E /* CartItemsTableViewCell.swift */; };
		AA0B883824CF6A2E0055F93E /* CartItemsTableViewCell.xib in Resources */ = {isa = PBXBuildFile; fileRef = AA0B883624CF6A2D0055F93E /* CartItemsTableViewCell.xib */; };
		AA0BC2EE24F588DE00430FFE /* LastOrdersVC.swift in Sources */ = {isa = PBXBuildFile; fileRef = AA0BC2ED24F588DE00430FFE /* LastOrdersVC.swift */; };
		AA0BC2F524F58FCE00430FFE /* LastOrders+CollectionViewDelegate.swift in Sources */ = {isa = PBXBuildFile; fileRef = AA0BC2F424F58FCE00430FFE /* LastOrders+CollectionViewDelegate.swift */; };
		AA0D781A24F68AB900AB4ABA /* Equipments.swift in Sources */ = {isa = PBXBuildFile; fileRef = AA0D781924F68AB900AB4ABA /* Equipments.swift */; };
		AA16D44824FA5B220074424A /* TrucksResult.swift in Sources */ = {isa = PBXBuildFile; fileRef = AA16D44724FA5B220074424A /* TrucksResult.swift */; };
		AA16D44A24FA5EA40074424A /* FurnitureVC+TableViewDelegate.swift in Sources */ = {isa = PBXBuildFile; fileRef = AA16D44924FA5EA40074424A /* FurnitureVC+TableViewDelegate.swift */; };
		AA19194824EF01AC00EE080E /* SpecialNeedCarVC.swift in Sources */ = {isa = PBXBuildFile; fileRef = AA19194724EF01AC00EE080E /* SpecialNeedCarVC.swift */; };
		AA19194A24EF037500EE080E /* SpecialNeedCar+CLLocationManagerDelegate.swift in Sources */ = {isa = PBXBuildFile; fileRef = AA19194924EF037500EE080E /* SpecialNeedCar+CLLocationManagerDelegate.swift */; };
		AA19194C24EF04E100EE080E /* SpecialNeedCar+TaxiOrderViewDelegate.swift in Sources */ = {isa = PBXBuildFile; fileRef = AA19194B24EF04E100EE080E /* SpecialNeedCar+TaxiOrderViewDelegate.swift */; };
		AA3239DD24E9842A009B9960 /* MarketTypes.swift in Sources */ = {isa = PBXBuildFile; fileRef = AA3239DC24E9842A009B9960 /* MarketTypes.swift */; };
		AA4CB64024D5F73D00C861CA /* TaxiOrderPresenter.swift in Sources */ = {isa = PBXBuildFile; fileRef = AA4CB63F24D5F73D00C861CA /* TaxiOrderPresenter.swift */; };
		AAA3B97A24D593FE00852404 /* Taxi.storyboard in Resources */ = {isa = PBXBuildFile; fileRef = AAA3B97924D593FE00852404 /* Taxi.storyboard */; };
		AAA3B97E24D595C000852404 /* TaxiOrderVC.swift in Sources */ = {isa = PBXBuildFile; fileRef = AAA3B97D24D595C000852404 /* TaxiOrderVC.swift */; };
		AAB1E57724CA13D900E3E499 /* RegisterVC.swift in Sources */ = {isa = PBXBuildFile; fileRef = AAB1E57624CA13D900E3E499 /* RegisterVC.swift */; };
		AAB1E57924CA1A1A00E3E499 /* RegisterPresenter.swift in Sources */ = {isa = PBXBuildFile; fileRef = AAB1E57824CA1A1A00E3E499 /* RegisterPresenter.swift */; };
		AAB1E57B24CA1D4500E3E499 /* SharedData.swift in Sources */ = {isa = PBXBuildFile; fileRef = AAB1E57A24CA1D4500E3E499 /* SharedData.swift */; };
		AAB1E57D24CA200F00E3E499 /* RegisterVC+RegisterViewDelegate.swift in Sources */ = {isa = PBXBuildFile; fileRef = AAB1E57C24CA200F00E3E499 /* RegisterVC+RegisterViewDelegate.swift */; };
		AAB3082A24CCAD9500D8FE0C /* MenuItems.swift in Sources */ = {isa = PBXBuildFile; fileRef = AAB3082924CCAD9500D8FE0C /* MenuItems.swift */; };
		AAB3082E24CCB29600D8FE0C /* MenuTableViewCell.swift in Sources */ = {isa = PBXBuildFile; fileRef = AAB3082C24CCB29600D8FE0C /* MenuTableViewCell.swift */; };
		AAB3082F24CCB29600D8FE0C /* MenuTableViewCell.xib in Resources */ = {isa = PBXBuildFile; fileRef = AAB3082D24CCB29600D8FE0C /* MenuTableViewCell.xib */; };
		AAB5C73624CB108800A6B6E4 /* CategoriesServices.swift in Sources */ = {isa = PBXBuildFile; fileRef = AAB5C73524CB108800A6B6E4 /* CategoriesServices.swift */; };
		AAB5C73824CB112000A6B6E4 /* Categories.swift in Sources */ = {isa = PBXBuildFile; fileRef = AAB5C73724CB112000A6B6E4 /* Categories.swift */; };
		AAB5C73A24CB115800A6B6E4 /* HomePresenter.swift in Sources */ = {isa = PBXBuildFile; fileRef = AAB5C73924CB115800A6B6E4 /* HomePresenter.swift */; };
		AAB5C73C24CB172F00A6B6E4 /* HomeVC+HomeViewDelegate.swift in Sources */ = {isa = PBXBuildFile; fileRef = AAB5C73B24CB172F00A6B6E4 /* HomeVC+HomeViewDelegate.swift */; };
		AAB5C73E24CB319F00A6B6E4 /* SubCategories.swift in Sources */ = {isa = PBXBuildFile; fileRef = AAB5C73D24CB319F00A6B6E4 /* SubCategories.swift */; };
		AAB5C74424CB377F00A6B6E4 /* FiltersCollectionViewCell.swift in Sources */ = {isa = PBXBuildFile; fileRef = AAB5C74224CB377F00A6B6E4 /* FiltersCollectionViewCell.swift */; };
		AAB5C74524CB377F00A6B6E4 /* FiltersCollectionViewCell.xib in Resources */ = {isa = PBXBuildFile; fileRef = AAB5C74324CB377F00A6B6E4 /* FiltersCollectionViewCell.xib */; };
		AAB5C74924CB381B00A6B6E4 /* PlacesTableViewCell.swift in Sources */ = {isa = PBXBuildFile; fileRef = AAB5C74724CB381B00A6B6E4 /* PlacesTableViewCell.swift */; };
		AAB5C74A24CB381B00A6B6E4 /* PlacesTableViewCell.xib in Resources */ = {isa = PBXBuildFile; fileRef = AAB5C74824CB381B00A6B6E4 /* PlacesTableViewCell.xib */; };
		AAB5C74C24CB39D600A6B6E4 /* StoresVC.swift in Sources */ = {isa = PBXBuildFile; fileRef = AAB5C74B24CB39D600A6B6E4 /* StoresVC.swift */; };
		AABE303B24E088B900DFDE1B /* ReasonsCollectionViewCell.swift in Sources */ = {isa = PBXBuildFile; fileRef = AABE303924E088B900DFDE1B /* ReasonsCollectionViewCell.swift */; };
		AABE303C24E088B900DFDE1B /* ReasonsCollectionViewCell.xib in Resources */ = {isa = PBXBuildFile; fileRef = AABE303A24E088B900DFDE1B /* ReasonsCollectionViewCell.xib */; };
		AABE304024E08A9900DFDE1B /* AfterCancelCollectionViewCell.swift in Sources */ = {isa = PBXBuildFile; fileRef = AABE303E24E08A9900DFDE1B /* AfterCancelCollectionViewCell.swift */; };
		AABE304124E08A9900DFDE1B /* AfterCancelCollectionViewCell.xib in Resources */ = {isa = PBXBuildFile; fileRef = AABE303F24E08A9900DFDE1B /* AfterCancelCollectionViewCell.xib */; };
		AAC2DC5C24C8AA5B00378934 /* HomeVC.swift in Sources */ = {isa = PBXBuildFile; fileRef = AAC2DC5B24C8AA5B00378934 /* HomeVC.swift */; };
		AAC2DC6024C8AECD00378934 /* CategoriesCollectionViewCell.swift in Sources */ = {isa = PBXBuildFile; fileRef = AAC2DC5E24C8AECD00378934 /* CategoriesCollectionViewCell.swift */; };
		AAC2DC6124C8AECD00378934 /* CategoriesCollectionViewCell.xib in Resources */ = {isa = PBXBuildFile; fileRef = AAC2DC5F24C8AECD00378934 /* CategoriesCollectionViewCell.xib */; };
		AAC2DC6324C8B0F800378934 /* AppCategory.swift in Sources */ = {isa = PBXBuildFile; fileRef = AAC2DC6224C8B0F800378934 /* AppCategory.swift */; };
		AAC2DC6524C8B25800378934 /* CustomViews.swift in Sources */ = {isa = PBXBuildFile; fileRef = AAC2DC6424C8B25800378934 /* CustomViews.swift */; };
		AAC2DC6724C8B6C900378934 /* Drawer.storyboard in Resources */ = {isa = PBXBuildFile; fileRef = AAC2DC6624C8B6C900378934 /* Drawer.storyboard */; };
		AAC2DC6924C8B71600378934 /* Gradient.swift in Sources */ = {isa = PBXBuildFile; fileRef = AAC2DC6824C8B71600378934 /* Gradient.swift */; };
		AAC2DC6B24C8B77000378934 /* Drawer.swift in Sources */ = {isa = PBXBuildFile; fileRef = AAC2DC6A24C8B77000378934 /* Drawer.swift */; };
		AAC2DC6D24C8BB7700378934 /* DrawerVC.swift in Sources */ = {isa = PBXBuildFile; fileRef = AAC2DC6C24C8BB7700378934 /* DrawerVC.swift */; };
		AACA7EB424C759FA004437FC /* AppDelegate.swift in Sources */ = {isa = PBXBuildFile; fileRef = AACA7EB324C759FA004437FC /* AppDelegate.swift */; };
		AACA7EB624C759FA004437FC /* SceneDelegate.swift in Sources */ = {isa = PBXBuildFile; fileRef = AACA7EB524C759FA004437FC /* SceneDelegate.swift */; };
		AACA7EBB24C759FA004437FC /* Main.storyboard in Resources */ = {isa = PBXBuildFile; fileRef = AACA7EB924C759FA004437FC /* Main.storyboard */; };
		AACA7EBE24C759FA004437FC /* TheBest_iOS.xcdatamodeld in Sources */ = {isa = PBXBuildFile; fileRef = AACA7EBC24C759FA004437FC /* TheBest_iOS.xcdatamodeld */; };
		AACA7EC024C759FC004437FC /* Assets.xcassets in Resources */ = {isa = PBXBuildFile; fileRef = AACA7EBF24C759FC004437FC /* Assets.xcassets */; };
		AACA7EC324C759FC004437FC /* LaunchScreen.storyboard in Resources */ = {isa = PBXBuildFile; fileRef = AACA7EC124C759FC004437FC /* LaunchScreen.storyboard */; };
		AACA7ECB24C75CFC004437FC /* GoogleService-Info.plist in Resources */ = {isa = PBXBuildFile; fileRef = AACA7ECA24C75CFC004437FC /* GoogleService-Info.plist */; };
		AACA7ECF24C760EA004437FC /* AboutUsViewController.swift in Sources */ = {isa = PBXBuildFile; fileRef = AACA7ECE24C760EA004437FC /* AboutUsViewController.swift */; };
		AACA7ED224C760F8004437FC /* AboutUsCollectionViewCell.swift in Sources */ = {isa = PBXBuildFile; fileRef = AACA7ED024C760F7004437FC /* AboutUsCollectionViewCell.swift */; };
		AACA7ED324C760F8004437FC /* Guide.swift in Sources */ = {isa = PBXBuildFile; fileRef = AACA7ED124C760F8004437FC /* Guide.swift */; };
		AACA7EE624C76BAE004437FC /* Lato-Black.ttf in Resources */ = {isa = PBXBuildFile; fileRef = AACA7EDC24C76BAC004437FC /* Lato-Black.ttf */; };
		AACA7EE724C76BAE004437FC /* Lato-BoldItalic.ttf in Resources */ = {isa = PBXBuildFile; fileRef = AACA7EDD24C76BAC004437FC /* Lato-BoldItalic.ttf */; };
		AACA7EE824C76BAE004437FC /* Lato-ThinItalic.ttf in Resources */ = {isa = PBXBuildFile; fileRef = AACA7EDE24C76BAC004437FC /* Lato-ThinItalic.ttf */; };
		AACA7EE924C76BAE004437FC /* Lato-BlackItalic.ttf in Resources */ = {isa = PBXBuildFile; fileRef = AACA7EDF24C76BAD004437FC /* Lato-BlackItalic.ttf */; };
		AACA7EEA24C76BAE004437FC /* Lato-Thin.ttf in Resources */ = {isa = PBXBuildFile; fileRef = AACA7EE024C76BAD004437FC /* Lato-Thin.ttf */; };
		AACA7EEB24C76BAE004437FC /* Lato-Italic.ttf in Resources */ = {isa = PBXBuildFile; fileRef = AACA7EE124C76BAD004437FC /* Lato-Italic.ttf */; };
		AACA7EEC24C76BAE004437FC /* Lato-Light.ttf in Resources */ = {isa = PBXBuildFile; fileRef = AACA7EE224C76BAD004437FC /* Lato-Light.ttf */; };
		AACA7EED24C76BAE004437FC /* Lato-Regular.ttf in Resources */ = {isa = PBXBuildFile; fileRef = AACA7EE324C76BAE004437FC /* Lato-Regular.ttf */; };
		AACA7EEE24C76BAE004437FC /* Lato-Bold.ttf in Resources */ = {isa = PBXBuildFile; fileRef = AACA7EE424C76BAE004437FC /* Lato-Bold.ttf */; };
		AACA7EEF24C76BAE004437FC /* Lato-LightItalic.ttf in Resources */ = {isa = PBXBuildFile; fileRef = AACA7EE524C76BAE004437FC /* Lato-LightItalic.ttf */; };
		AADD712C24CB3C7D00EE7FD1 /* StoresPresenter.swift in Sources */ = {isa = PBXBuildFile; fileRef = AADD712B24CB3C7D00EE7FD1 /* StoresPresenter.swift */; };
		AADD712E24CB3DDD00EE7FD1 /* StoresVC+StoresViewDelegate.swift in Sources */ = {isa = PBXBuildFile; fileRef = AADD712D24CB3DDD00EE7FD1 /* StoresVC+StoresViewDelegate.swift */; };
		AADD713124CB5C7700EE7FD1 /* Places.swift in Sources */ = {isa = PBXBuildFile; fileRef = AADD713024CB5C7700EE7FD1 /* Places.swift */; };
		AADD713524CB6FD700EE7FD1 /* MenuFilterCollectionViewCell.swift in Sources */ = {isa = PBXBuildFile; fileRef = AADD713324CB6FD700EE7FD1 /* MenuFilterCollectionViewCell.swift */; };
		AADD713624CB6FD700EE7FD1 /* MenuFilterCollectionViewCell.xib in Resources */ = {isa = PBXBuildFile; fileRef = AADD713424CB6FD700EE7FD1 /* MenuFilterCollectionViewCell.xib */; };
		AADD713824CB71CA00EE7FD1 /* VendorServices.swift in Sources */ = {isa = PBXBuildFile; fileRef = AADD713724CB71CA00EE7FD1 /* VendorServices.swift */; };
		AADD713A24CB72BF00EE7FD1 /* MenuCategories.swift in Sources */ = {isa = PBXBuildFile; fileRef = AADD713924CB72BF00EE7FD1 /* MenuCategories.swift */; };
		AADD713D24CB73D900EE7FD1 /* VendorProfileVC.swift in Sources */ = {isa = PBXBuildFile; fileRef = AADD713C24CB73D900EE7FD1 /* VendorProfileVC.swift */; };
		AADD713F24CB755D00EE7FD1 /* VendorProfile+VendorViewPresenter.swift in Sources */ = {isa = PBXBuildFile; fileRef = AADD713E24CB755D00EE7FD1 /* VendorProfile+VendorViewPresenter.swift */; };
		AADD714124CB758300EE7FD1 /* VendorProfilePresenter.swift in Sources */ = {isa = PBXBuildFile; fileRef = AADD714024CB758300EE7FD1 /* VendorProfilePresenter.swift */; };
		AAE1097A24D1CA1200C66670 /* CartItem.swift in Sources */ = {isa = PBXBuildFile; fileRef = AAE1097924D1CA1200C66670 /* CartItem.swift */; };
		AAE1097D24D1D2B600C66670 /* CartVC.swift in Sources */ = {isa = PBXBuildFile; fileRef = AAE1097C24D1D2B600C66670 /* CartVC.swift */; };
		AAE1097F24D1D45500C66670 /* ProductPresenter.swift in Sources */ = {isa = PBXBuildFile; fileRef = AAE1097E24D1D45500C66670 /* ProductPresenter.swift */; };
		AAE1098124D1DBB900C66670 /* CartServices.swift in Sources */ = {isa = PBXBuildFile; fileRef = AAE1098024D1DBB900C66670 /* CartServices.swift */; };
		AAE1098324D1DD2500C66670 /* ProductVC+ProductViewDelegate.swift in Sources */ = {isa = PBXBuildFile; fileRef = AAE1098224D1DD2500C66670 /* ProductVC+ProductViewDelegate.swift */; };
		AAE1098524D1F75800C66670 /* CartPresenter.swift in Sources */ = {isa = PBXBuildFile; fileRef = AAE1098424D1F75800C66670 /* CartPresenter.swift */; };
		AAE1098724D1F97C00C66670 /* CartVC+CartViewDelegate.swift in Sources */ = {isa = PBXBuildFile; fileRef = AAE1098624D1F97C00C66670 /* CartVC+CartViewDelegate.swift */; };
		AAE37C8524D49AC5002CB1D0 /* PlaceOrder.swift in Sources */ = {isa = PBXBuildFile; fileRef = AAE37C8424D49AC5002CB1D0 /* PlaceOrder.swift */; };
		AAEBD30224E1CCE10010A81E /* VariationTableViewCell.swift in Sources */ = {isa = PBXBuildFile; fileRef = AAEBD30024E1CCE10010A81E /* VariationTableViewCell.swift */; };
		AAEBD30324E1CCE10010A81E /* VariationTableViewCell.xib in Resources */ = {isa = PBXBuildFile; fileRef = AAEBD30124E1CCE10010A81E /* VariationTableViewCell.xib */; };
		AAEBD30524E1E0D60010A81E /* CheckoutVC.swift in Sources */ = {isa = PBXBuildFile; fileRef = AAEBD30424E1E0D60010A81E /* CheckoutVC.swift */; };
		AAEBD30724E1E20C0010A81E /* CheckoutPresenter.swift in Sources */ = {isa = PBXBuildFile; fileRef = AAEBD30624E1E20C0010A81E /* CheckoutPresenter.swift */; };
		AAEBD30A24E1E28E0010A81E /* CheckoutVC+CheckoutViewDelegate.swift in Sources */ = {isa = PBXBuildFile; fileRef = AAEBD30924E1E28E0010A81E /* CheckoutVC+CheckoutViewDelegate.swift */; };
		AAF6727224E58EAE0025C5C2 /* Markets.storyboard in Resources */ = {isa = PBXBuildFile; fileRef = AAF6727124E58EAE0025C5C2 /* Markets.storyboard */; };
		AAF6727824E590F20025C5C2 /* Markets.swift in Sources */ = {isa = PBXBuildFile; fileRef = AAF6727724E590F20025C5C2 /* Markets.swift */; };
		AAF6727A24E5975F0025C5C2 /* MarketsVC.swift in Sources */ = {isa = PBXBuildFile; fileRef = AAF6727924E5975F0025C5C2 /* MarketsVC.swift */; };
		AAF6727E24E59AD10025C5C2 /* MarketTableViewCell.swift in Sources */ = {isa = PBXBuildFile; fileRef = AAF6727C24E59AD10025C5C2 /* MarketTableViewCell.swift */; };
		AAF6727F24E59AD10025C5C2 /* MarketTableViewCell.xib in Resources */ = {isa = PBXBuildFile; fileRef = AAF6727D24E59AD10025C5C2 /* MarketTableViewCell.xib */; };
		AAF6728124E59D6E0025C5C2 /* MarketsServices.swift in Sources */ = {isa = PBXBuildFile; fileRef = AAF6728024E59D6E0025C5C2 /* MarketsServices.swift */; };
		AAF6728324E59DCD0025C5C2 /* NearByMarkets.swift in Sources */ = {isa = PBXBuildFile; fileRef = AAF6728224E59DCD0025C5C2 /* NearByMarkets.swift */; };
		AAF6728724E5A2A60025C5C2 /* MarketPresenter.swift in Sources */ = {isa = PBXBuildFile; fileRef = AAF6728624E5A2A60025C5C2 /* MarketPresenter.swift */; };
		AAF6728924E5A5610025C5C2 /* MarketsVC+CLLocationManagerDelegate.swift in Sources */ = {isa = PBXBuildFile; fileRef = AAF6728824E5A5610025C5C2 /* MarketsVC+CLLocationManagerDelegate.swift */; };
		AAF6728B24E5A6850025C5C2 /* Markets+MarketsViewDelegate.swift in Sources */ = {isa = PBXBuildFile; fileRef = AAF6728A24E5A6850025C5C2 /* Markets+MarketsViewDelegate.swift */; };
		AAF6728D24E5A7020025C5C2 /* MarketsVC+TableViewDelegate.swift in Sources */ = {isa = PBXBuildFile; fileRef = AAF6728C24E5A7020025C5C2 /* MarketsVC+TableViewDelegate.swift */; };
		AAF6729124E5AD0E0025C5C2 /* FilterVC.swift in Sources */ = {isa = PBXBuildFile; fileRef = AAF6729024E5AD0E0025C5C2 /* FilterVC.swift */; };
		AAF7F15324EF06BB00FAE7D7 /* SpecialNeedCarVC+GMSMapViewDelegate.swift in Sources */ = {isa = PBXBuildFile; fileRef = AAF7F15224EF06BB00FAE7D7 /* SpecialNeedCarVC+GMSMapViewDelegate.swift */; };
		AAF7F15524EF0AE200FAE7D7 /* SpecialCars.swift in Sources */ = {isa = PBXBuildFile; fileRef = AAF7F15424EF0AE200FAE7D7 /* SpecialCars.swift */; };
		AAF7F15924EF0B3300FAE7D7 /* SpecialCarResult.swift in Sources */ = {isa = PBXBuildFile; fileRef = AAF7F15824EF0B3300FAE7D7 /* SpecialCarResult.swift */; };
		AAF7F15B24EF0C2500FAE7D7 /* SpecialCarsServices.swift in Sources */ = {isa = PBXBuildFile; fileRef = AAF7F15A24EF0C2500FAE7D7 /* SpecialCarsServices.swift */; };
		AAF7F15D24EF0F5800FAE7D7 /* SpecialNeedCarPresenter.swift in Sources */ = {isa = PBXBuildFile; fileRef = AAF7F15C24EF0F5800FAE7D7 /* SpecialNeedCarPresenter.swift */; };
		AAF98F6424E5B453006A1A6E /* FilterVC+MarketsViewDelegate.swift in Sources */ = {isa = PBXBuildFile; fileRef = AAF98F6324E5B453006A1A6E /* FilterVC+MarketsViewDelegate.swift */; };
		AAF9997D24C778CC009DB374 /* LoginVC.swift in Sources */ = {isa = PBXBuildFile; fileRef = AAF9997C24C778CC009DB374 /* LoginVC.swift */; };
		AAF9997F24C779E7009DB374 /* Router.swift in Sources */ = {isa = PBXBuildFile; fileRef = AAF9997E24C779E7009DB374 /* Router.swift */; };
		AAF9998224C78063009DB374 /* Alert.swift in Sources */ = {isa = PBXBuildFile; fileRef = AAF9998024C78062009DB374 /* Alert.swift */; };
		AAFCC96B24F7D1FB00D1B095 /* SpecialCarsTableViewCell.swift in Sources */ = {isa = PBXBuildFile; fileRef = AAFCC96924F7D1FB00D1B095 /* SpecialCarsTableViewCell.swift */; };
		AAFCC96C24F7D1FB00D1B095 /* SpecialCarsTableViewCell.xib in Resources */ = {isa = PBXBuildFile; fileRef = AAFCC96A24F7D1FB00D1B095 /* SpecialCarsTableViewCell.xib */; };
		AAFCC96E24F7D41800D1B095 /* SpecialNeedCarVC+TableViewDelegate.swift in Sources */ = {isa = PBXBuildFile; fileRef = AAFCC96D24F7D41800D1B095 /* SpecialNeedCarVC+TableViewDelegate.swift */; };
/* End PBXBuildFile section */

/* Begin PBXFileReference section */
		00C9089EE0CE356CA811A998 /* Pods_TheBest_iOS.framework */ = {isa = PBXFileReference; explicitFileType = wrapper.framework; includeInIndex = 0; path = Pods_TheBest_iOS.framework; sourceTree = BUILT_PRODUCTS_DIR; };
		0134758B5A9571EE28B59EED /* Pods-TheBest-iOS.debug.xcconfig */ = {isa = PBXFileReference; includeInIndex = 1; lastKnownFileType = text.xcconfig; name = "Pods-TheBest-iOS.debug.xcconfig"; path = "Target Support Files/Pods-TheBest-iOS/Pods-TheBest-iOS.debug.xcconfig"; sourceTree = "<group>"; };
		52F018959EDF489E8F15E64A /* Pods-TheBest-iOS.release.xcconfig */ = {isa = PBXFileReference; includeInIndex = 1; lastKnownFileType = text.xcconfig; name = "Pods-TheBest-iOS.release.xcconfig"; path = "Target Support Files/Pods-TheBest-iOS/Pods-TheBest-iOS.release.xcconfig"; sourceTree = "<group>"; };
		AA025ABC24E31C510018C3EE /* Images.swift */ = {isa = PBXFileReference; lastKnownFileType = sourcecode.swift; path = Images.swift; sourceTree = "<group>"; };
		AA025DBA24D5F3D40067C682 /* Taxi.swift */ = {isa = PBXFileReference; lastKnownFileType = sourcecode.swift; path = Taxi.swift; sourceTree = "<group>"; };
		AA025DBD24D5F42C0067C682 /* TripsServices.swift */ = {isa = PBXFileReference; lastKnownFileType = sourcecode.swift; name = TripsServices.swift; path = "TheBest-iOS/Scenes/Taxi/Model/TripsServices.swift"; sourceTree = SOURCE_ROOT; };
		AA0269A124D63259008EA4F8 /* TaxiOrderVC+TaxiOrderViewDelegate.swift */ = {isa = PBXFileReference; lastKnownFileType = sourcecode.swift; path = "TaxiOrderVC+TaxiOrderViewDelegate.swift"; sourceTree = "<group>"; };
		AA026F7B24C788CE003FFF4E /* LoginPresenter.swift */ = {isa = PBXFileReference; lastKnownFileType = sourcecode.swift; path = LoginPresenter.swift; sourceTree = "<group>"; };
		AA026F7D24C78E24003FFF4E /* LoginVC+LoginViewDelegate.swift */ = {isa = PBXFileReference; lastKnownFileType = sourcecode.swift; path = "LoginVC+LoginViewDelegate.swift"; sourceTree = "<group>"; };
		AA026F7F24C79A89003FFF4E /* API-Endpoints.swift */ = {isa = PBXFileReference; lastKnownFileType = sourcecode.swift; path = "API-Endpoints.swift"; sourceTree = "<group>"; };
		AA026F8124C79B31003FFF4E /* AuthServices.swift */ = {isa = PBXFileReference; lastKnownFileType = sourcecode.swift; path = AuthServices.swift; sourceTree = "<group>"; };
		AA026F8324C79DE8003FFF4E /* User.swift */ = {isa = PBXFileReference; lastKnownFileType = sourcecode.swift; path = User.swift; sourceTree = "<group>"; };
		AA02858224D869FA0017E35D /* DriversTableViewCell.swift */ = {isa = PBXFileReference; lastKnownFileType = sourcecode.swift; path = DriversTableViewCell.swift; sourceTree = "<group>"; };
		AA02858324D869FB0017E35D /* DriversTableViewCell.xib */ = {isa = PBXFileReference; lastKnownFileType = file.xib; path = DriversTableViewCell.xib; sourceTree = "<group>"; };
		AA02858724D879580017E35D /* TaxiOrderVC+GMSMapViewDelegate.swift */ = {isa = PBXFileReference; lastKnownFileType = sourcecode.swift; path = "TaxiOrderVC+GMSMapViewDelegate.swift"; sourceTree = "<group>"; };
		AA02858924D898570017E35D /* TaxiOrderVC+ GMSAutocompleteViewControllerDelegate.swift */ = {isa = PBXFileReference; lastKnownFileType = sourcecode.swift; path = "TaxiOrderVC+ GMSAutocompleteViewControllerDelegate.swift"; sourceTree = "<group>"; };
		AA028A9224D6F21C007255FD /* Constants.swift */ = {isa = PBXFileReference; lastKnownFileType = sourcecode.swift; path = Constants.swift; sourceTree = "<group>"; };
		AA028A9424D6FBC9007255FD /* SetupPicker.swift */ = {isa = PBXFileReference; lastKnownFileType = sourcecode.swift; path = SetupPicker.swift; sourceTree = "<group>"; };
		AA028A9624D708A6007255FD /* Drivers.swift */ = {isa = PBXFileReference; lastKnownFileType = sourcecode.swift; path = Drivers.swift; sourceTree = "<group>"; };
		AA028A9824D70A0B007255FD /* Distance.swift */ = {isa = PBXFileReference; lastKnownFileType = sourcecode.swift; path = Distance.swift; sourceTree = "<group>"; };
		AA04D68D24F83F4F00BE4628 /* FurnitureVC.swift */ = {isa = PBXFileReference; lastKnownFileType = sourcecode.swift; path = FurnitureVC.swift; sourceTree = "<group>"; };
		AA04D68F24F8435500BE4628 /* FurnitureVC+CLLocationManagerDelegate.swift */ = {isa = PBXFileReference; lastKnownFileType = sourcecode.swift; path = "FurnitureVC+CLLocationManagerDelegate.swift"; sourceTree = "<group>"; };
		AA04D69124F8439000BE4628 /* FurnitureVC+TaxiOrderViewDelegate.swift */ = {isa = PBXFileReference; lastKnownFileType = sourcecode.swift; path = "FurnitureVC+TaxiOrderViewDelegate.swift"; sourceTree = "<group>"; };
		AA04D69324F8442600BE4628 /* FurnitureVC+GMSMapViewDelegate.swift */ = {isa = PBXFileReference; lastKnownFileType = sourcecode.swift; path = "FurnitureVC+GMSMapViewDelegate.swift"; sourceTree = "<group>"; };
		AA04D69524F8450E00BE4628 /* FurnitureVC+GMSAutocompleteViewControllerDelegate.swift */ = {isa = PBXFileReference; lastKnownFileType = sourcecode.swift; path = "FurnitureVC+GMSAutocompleteViewControllerDelegate.swift"; sourceTree = "<group>"; };
		AA04D69724F845E300BE4628 /* FurnitureVCPresenter.swift */ = {isa = PBXFileReference; lastKnownFileType = sourcecode.swift; path = FurnitureVCPresenter.swift; sourceTree = "<group>"; };
		AA04D69A24F8472D00BE4628 /* TruckTypes.swift */ = {isa = PBXFileReference; lastKnownFileType = sourcecode.swift; path = TruckTypes.swift; sourceTree = "<group>"; };
		AA04D69D24F8478200BE4628 /* FurnitureServices.swift */ = {isa = PBXFileReference; lastKnownFileType = sourcecode.swift; path = FurnitureServices.swift; sourceTree = "<group>"; };
		AA04D69F24F84AE700BE4628 /* FurnitureVC+CollectionViewDelegate.swift */ = {isa = PBXFileReference; lastKnownFileType = sourcecode.swift; path = "FurnitureVC+CollectionViewDelegate.swift"; sourceTree = "<group>"; };
		AA04D6A124F84BCB00BE4628 /* FurnitureVC+FurnitureViewDelegate.swift */ = {isa = PBXFileReference; lastKnownFileType = sourcecode.swift; path = "FurnitureVC+FurnitureViewDelegate.swift"; sourceTree = "<group>"; };
		AA0A5C3824F030CC00F61198 /* CarsTypesCollectionViewCell.swift */ = {isa = PBXFileReference; lastKnownFileType = sourcecode.swift; path = CarsTypesCollectionViewCell.swift; sourceTree = "<group>"; };
		AA0A5C3924F030CC00F61198 /* CarsTypesCollectionViewCell.xib */ = {isa = PBXFileReference; lastKnownFileType = file.xib; path = CarsTypesCollectionViewCell.xib; sourceTree = "<group>"; };
		AA0A5C3C24F0359500F61198 /* SpecialNeedCarVC+GMSAutocompleteViewControllerDelegate.swift */ = {isa = PBXFileReference; lastKnownFileType = sourcecode.swift; path = "SpecialNeedCarVC+GMSAutocompleteViewControllerDelegate.swift"; sourceTree = "<group>"; };
		AA0A5C3E24F0397E00F61198 /* SpecialNeedCarVC+SpecialNeedCarViewDelegate.swift */ = {isa = PBXFileReference; lastKnownFileType = sourcecode.swift; path = "SpecialNeedCarVC+SpecialNeedCarViewDelegate.swift"; sourceTree = "<group>"; };
		AA0A5C4024F03A3700F61198 /* SpecialNeedCarsVC+CollectionViewDelegates.swift */ = {isa = PBXFileReference; lastKnownFileType = sourcecode.swift; path = "SpecialNeedCarsVC+CollectionViewDelegates.swift"; sourceTree = "<group>"; };
		AA0B883224CF4B320055F93E /* ProductVC.swift */ = {isa = PBXFileReference; lastKnownFileType = sourcecode.swift; path = ProductVC.swift; sourceTree = "<group>"; };
		AA0B883524CF6A2D0055F93E /* CartItemsTableViewCell.swift */ = {isa = PBXFileReference; lastKnownFileType = sourcecode.swift; path = CartItemsTableViewCell.swift; sourceTree = "<group>"; };
		AA0B883624CF6A2D0055F93E /* CartItemsTableViewCell.xib */ = {isa = PBXFileReference; lastKnownFileType = file.xib; path = CartItemsTableViewCell.xib; sourceTree = "<group>"; };
		AA0BC2ED24F588DE00430FFE /* LastOrdersVC.swift */ = {isa = PBXFileReference; lastKnownFileType = sourcecode.swift; path = LastOrdersVC.swift; sourceTree = "<group>"; };
		AA0BC2F424F58FCE00430FFE /* LastOrders+CollectionViewDelegate.swift */ = {isa = PBXFileReference; lastKnownFileType = sourcecode.swift; path = "LastOrders+CollectionViewDelegate.swift"; sourceTree = "<group>"; };
		AA0D781924F68AB900AB4ABA /* Equipments.swift */ = {isa = PBXFileReference; lastKnownFileType = sourcecode.swift; path = Equipments.swift; sourceTree = "<group>"; };
		AA16D44724FA5B220074424A /* TrucksResult.swift */ = {isa = PBXFileReference; lastKnownFileType = sourcecode.swift; path = TrucksResult.swift; sourceTree = "<group>"; };
		AA16D44924FA5EA40074424A /* FurnitureVC+TableViewDelegate.swift */ = {isa = PBXFileReference; lastKnownFileType = sourcecode.swift; path = "FurnitureVC+TableViewDelegate.swift"; sourceTree = "<group>"; };
		AA19194724EF01AC00EE080E /* SpecialNeedCarVC.swift */ = {isa = PBXFileReference; lastKnownFileType = sourcecode.swift; path = SpecialNeedCarVC.swift; sourceTree = "<group>"; };
		AA19194924EF037500EE080E /* SpecialNeedCar+CLLocationManagerDelegate.swift */ = {isa = PBXFileReference; lastKnownFileType = sourcecode.swift; path = "SpecialNeedCar+CLLocationManagerDelegate.swift"; sourceTree = "<group>"; };
		AA19194B24EF04E100EE080E /* SpecialNeedCar+TaxiOrderViewDelegate.swift */ = {isa = PBXFileReference; lastKnownFileType = sourcecode.swift; path = "SpecialNeedCar+TaxiOrderViewDelegate.swift"; sourceTree = "<group>"; };
		AA3239DC24E9842A009B9960 /* MarketTypes.swift */ = {isa = PBXFileReference; lastKnownFileType = sourcecode.swift; path = MarketTypes.swift; sourceTree = "<group>"; };
		AA4CB63F24D5F73D00C861CA /* TaxiOrderPresenter.swift */ = {isa = PBXFileReference; lastKnownFileType = sourcecode.swift; path = TaxiOrderPresenter.swift; sourceTree = "<group>"; };
		AAA3B97924D593FE00852404 /* Taxi.storyboard */ = {isa = PBXFileReference; lastKnownFileType = file.storyboard; path = Taxi.storyboard; sourceTree = "<group>"; };
		AAA3B97D24D595C000852404 /* TaxiOrderVC.swift */ = {isa = PBXFileReference; lastKnownFileType = sourcecode.swift; path = TaxiOrderVC.swift; sourceTree = "<group>"; };
		AAB1E57624CA13D900E3E499 /* RegisterVC.swift */ = {isa = PBXFileReference; lastKnownFileType = sourcecode.swift; path = RegisterVC.swift; sourceTree = "<group>"; };
		AAB1E57824CA1A1A00E3E499 /* RegisterPresenter.swift */ = {isa = PBXFileReference; lastKnownFileType = sourcecode.swift; path = RegisterPresenter.swift; sourceTree = "<group>"; };
		AAB1E57A24CA1D4500E3E499 /* SharedData.swift */ = {isa = PBXFileReference; lastKnownFileType = sourcecode.swift; path = SharedData.swift; sourceTree = "<group>"; };
		AAB1E57C24CA200F00E3E499 /* RegisterVC+RegisterViewDelegate.swift */ = {isa = PBXFileReference; lastKnownFileType = sourcecode.swift; path = "RegisterVC+RegisterViewDelegate.swift"; sourceTree = "<group>"; };
		AAB3082924CCAD9500D8FE0C /* MenuItems.swift */ = {isa = PBXFileReference; lastKnownFileType = sourcecode.swift; path = MenuItems.swift; sourceTree = "<group>"; };
		AAB3082C24CCB29600D8FE0C /* MenuTableViewCell.swift */ = {isa = PBXFileReference; lastKnownFileType = sourcecode.swift; path = MenuTableViewCell.swift; sourceTree = "<group>"; };
		AAB3082D24CCB29600D8FE0C /* MenuTableViewCell.xib */ = {isa = PBXFileReference; lastKnownFileType = file.xib; path = MenuTableViewCell.xib; sourceTree = "<group>"; };
		AAB5C73524CB108800A6B6E4 /* CategoriesServices.swift */ = {isa = PBXFileReference; lastKnownFileType = sourcecode.swift; path = CategoriesServices.swift; sourceTree = "<group>"; };
		AAB5C73724CB112000A6B6E4 /* Categories.swift */ = {isa = PBXFileReference; lastKnownFileType = sourcecode.swift; path = Categories.swift; sourceTree = "<group>"; };
		AAB5C73924CB115800A6B6E4 /* HomePresenter.swift */ = {isa = PBXFileReference; lastKnownFileType = sourcecode.swift; path = HomePresenter.swift; sourceTree = "<group>"; };
		AAB5C73B24CB172F00A6B6E4 /* HomeVC+HomeViewDelegate.swift */ = {isa = PBXFileReference; lastKnownFileType = sourcecode.swift; path = "HomeVC+HomeViewDelegate.swift"; sourceTree = "<group>"; };
		AAB5C73D24CB319F00A6B6E4 /* SubCategories.swift */ = {isa = PBXFileReference; lastKnownFileType = sourcecode.swift; path = SubCategories.swift; sourceTree = "<group>"; };
		AAB5C74224CB377F00A6B6E4 /* FiltersCollectionViewCell.swift */ = {isa = PBXFileReference; lastKnownFileType = sourcecode.swift; path = FiltersCollectionViewCell.swift; sourceTree = "<group>"; };
		AAB5C74324CB377F00A6B6E4 /* FiltersCollectionViewCell.xib */ = {isa = PBXFileReference; lastKnownFileType = file.xib; path = FiltersCollectionViewCell.xib; sourceTree = "<group>"; };
		AAB5C74724CB381B00A6B6E4 /* PlacesTableViewCell.swift */ = {isa = PBXFileReference; lastKnownFileType = sourcecode.swift; path = PlacesTableViewCell.swift; sourceTree = "<group>"; };
		AAB5C74824CB381B00A6B6E4 /* PlacesTableViewCell.xib */ = {isa = PBXFileReference; lastKnownFileType = file.xib; path = PlacesTableViewCell.xib; sourceTree = "<group>"; };
		AAB5C74B24CB39D600A6B6E4 /* StoresVC.swift */ = {isa = PBXFileReference; lastKnownFileType = sourcecode.swift; path = StoresVC.swift; sourceTree = "<group>"; };
		AABE303924E088B900DFDE1B /* ReasonsCollectionViewCell.swift */ = {isa = PBXFileReference; lastKnownFileType = sourcecode.swift; path = ReasonsCollectionViewCell.swift; sourceTree = "<group>"; };
		AABE303A24E088B900DFDE1B /* ReasonsCollectionViewCell.xib */ = {isa = PBXFileReference; lastKnownFileType = file.xib; path = ReasonsCollectionViewCell.xib; sourceTree = "<group>"; };
		AABE303E24E08A9900DFDE1B /* AfterCancelCollectionViewCell.swift */ = {isa = PBXFileReference; lastKnownFileType = sourcecode.swift; path = AfterCancelCollectionViewCell.swift; sourceTree = "<group>"; };
		AABE303F24E08A9900DFDE1B /* AfterCancelCollectionViewCell.xib */ = {isa = PBXFileReference; lastKnownFileType = file.xib; path = AfterCancelCollectionViewCell.xib; sourceTree = "<group>"; };
		AAC2DC5B24C8AA5B00378934 /* HomeVC.swift */ = {isa = PBXFileReference; lastKnownFileType = sourcecode.swift; path = HomeVC.swift; sourceTree = "<group>"; };
		AAC2DC5E24C8AECD00378934 /* CategoriesCollectionViewCell.swift */ = {isa = PBXFileReference; lastKnownFileType = sourcecode.swift; path = CategoriesCollectionViewCell.swift; sourceTree = "<group>"; };
		AAC2DC5F24C8AECD00378934 /* CategoriesCollectionViewCell.xib */ = {isa = PBXFileReference; lastKnownFileType = file.xib; path = CategoriesCollectionViewCell.xib; sourceTree = "<group>"; };
		AAC2DC6224C8B0F800378934 /* AppCategory.swift */ = {isa = PBXFileReference; lastKnownFileType = sourcecode.swift; path = AppCategory.swift; sourceTree = "<group>"; };
		AAC2DC6424C8B25800378934 /* CustomViews.swift */ = {isa = PBXFileReference; fileEncoding = 4; lastKnownFileType = sourcecode.swift; path = CustomViews.swift; sourceTree = "<group>"; };
		AAC2DC6624C8B6C900378934 /* Drawer.storyboard */ = {isa = PBXFileReference; lastKnownFileType = file.storyboard; path = Drawer.storyboard; sourceTree = "<group>"; };
		AAC2DC6824C8B71600378934 /* Gradient.swift */ = {isa = PBXFileReference; fileEncoding = 4; lastKnownFileType = sourcecode.swift; path = Gradient.swift; sourceTree = "<group>"; };
		AAC2DC6A24C8B77000378934 /* Drawer.swift */ = {isa = PBXFileReference; fileEncoding = 4; lastKnownFileType = sourcecode.swift; path = Drawer.swift; sourceTree = "<group>"; };
		AAC2DC6C24C8BB7700378934 /* DrawerVC.swift */ = {isa = PBXFileReference; lastKnownFileType = sourcecode.swift; path = DrawerVC.swift; sourceTree = "<group>"; };
		AACA7EB024C759FA004437FC /* TheBest-iOS.app */ = {isa = PBXFileReference; explicitFileType = wrapper.application; includeInIndex = 0; path = "TheBest-iOS.app"; sourceTree = BUILT_PRODUCTS_DIR; };
		AACA7EB324C759FA004437FC /* AppDelegate.swift */ = {isa = PBXFileReference; lastKnownFileType = sourcecode.swift; path = AppDelegate.swift; sourceTree = "<group>"; };
		AACA7EB524C759FA004437FC /* SceneDelegate.swift */ = {isa = PBXFileReference; lastKnownFileType = sourcecode.swift; path = SceneDelegate.swift; sourceTree = "<group>"; };
		AACA7EBA24C759FA004437FC /* Base */ = {isa = PBXFileReference; lastKnownFileType = file.storyboard; name = Base; path = Base.lproj/Main.storyboard; sourceTree = "<group>"; };
		AACA7EBD24C759FA004437FC /* TheBest_iOS.xcdatamodel */ = {isa = PBXFileReference; lastKnownFileType = wrapper.xcdatamodel; path = TheBest_iOS.xcdatamodel; sourceTree = "<group>"; };
		AACA7EBF24C759FC004437FC /* Assets.xcassets */ = {isa = PBXFileReference; lastKnownFileType = folder.assetcatalog; path = Assets.xcassets; sourceTree = "<group>"; };
		AACA7EC224C759FC004437FC /* Base */ = {isa = PBXFileReference; lastKnownFileType = file.storyboard; name = Base; path = Base.lproj/LaunchScreen.storyboard; sourceTree = "<group>"; };
		AACA7EC424C759FC004437FC /* Info.plist */ = {isa = PBXFileReference; lastKnownFileType = text.plist.xml; path = Info.plist; sourceTree = "<group>"; };
		AACA7ECA24C75CFC004437FC /* GoogleService-Info.plist */ = {isa = PBXFileReference; fileEncoding = 4; lastKnownFileType = text.plist.xml; path = "GoogleService-Info.plist"; sourceTree = "<group>"; };
		AACA7ECE24C760EA004437FC /* AboutUsViewController.swift */ = {isa = PBXFileReference; fileEncoding = 4; lastKnownFileType = sourcecode.swift; path = AboutUsViewController.swift; sourceTree = "<group>"; };
		AACA7ED024C760F7004437FC /* AboutUsCollectionViewCell.swift */ = {isa = PBXFileReference; fileEncoding = 4; lastKnownFileType = sourcecode.swift; path = AboutUsCollectionViewCell.swift; sourceTree = "<group>"; };
		AACA7ED124C760F8004437FC /* Guide.swift */ = {isa = PBXFileReference; fileEncoding = 4; lastKnownFileType = sourcecode.swift; path = Guide.swift; sourceTree = "<group>"; };
		AACA7EDC24C76BAC004437FC /* Lato-Black.ttf */ = {isa = PBXFileReference; lastKnownFileType = file; path = "Lato-Black.ttf"; sourceTree = "<group>"; };
		AACA7EDD24C76BAC004437FC /* Lato-BoldItalic.ttf */ = {isa = PBXFileReference; lastKnownFileType = file; path = "Lato-BoldItalic.ttf"; sourceTree = "<group>"; };
		AACA7EDE24C76BAC004437FC /* Lato-ThinItalic.ttf */ = {isa = PBXFileReference; lastKnownFileType = file; path = "Lato-ThinItalic.ttf"; sourceTree = "<group>"; };
		AACA7EDF24C76BAD004437FC /* Lato-BlackItalic.ttf */ = {isa = PBXFileReference; lastKnownFileType = file; path = "Lato-BlackItalic.ttf"; sourceTree = "<group>"; };
		AACA7EE024C76BAD004437FC /* Lato-Thin.ttf */ = {isa = PBXFileReference; lastKnownFileType = file; path = "Lato-Thin.ttf"; sourceTree = "<group>"; };
		AACA7EE124C76BAD004437FC /* Lato-Italic.ttf */ = {isa = PBXFileReference; lastKnownFileType = file; path = "Lato-Italic.ttf"; sourceTree = "<group>"; };
		AACA7EE224C76BAD004437FC /* Lato-Light.ttf */ = {isa = PBXFileReference; lastKnownFileType = file; path = "Lato-Light.ttf"; sourceTree = "<group>"; };
		AACA7EE324C76BAE004437FC /* Lato-Regular.ttf */ = {isa = PBXFileReference; lastKnownFileType = file; path = "Lato-Regular.ttf"; sourceTree = "<group>"; };
		AACA7EE424C76BAE004437FC /* Lato-Bold.ttf */ = {isa = PBXFileReference; lastKnownFileType = file; path = "Lato-Bold.ttf"; sourceTree = "<group>"; };
		AACA7EE524C76BAE004437FC /* Lato-LightItalic.ttf */ = {isa = PBXFileReference; lastKnownFileType = file; path = "Lato-LightItalic.ttf"; sourceTree = "<group>"; };
		AADD712B24CB3C7D00EE7FD1 /* StoresPresenter.swift */ = {isa = PBXFileReference; lastKnownFileType = sourcecode.swift; path = StoresPresenter.swift; sourceTree = "<group>"; };
		AADD712D24CB3DDD00EE7FD1 /* StoresVC+StoresViewDelegate.swift */ = {isa = PBXFileReference; lastKnownFileType = sourcecode.swift; path = "StoresVC+StoresViewDelegate.swift"; sourceTree = "<group>"; };
		AADD713024CB5C7700EE7FD1 /* Places.swift */ = {isa = PBXFileReference; lastKnownFileType = sourcecode.swift; path = Places.swift; sourceTree = "<group>"; };
		AADD713324CB6FD700EE7FD1 /* MenuFilterCollectionViewCell.swift */ = {isa = PBXFileReference; lastKnownFileType = sourcecode.swift; path = MenuFilterCollectionViewCell.swift; sourceTree = "<group>"; };
		AADD713424CB6FD700EE7FD1 /* MenuFilterCollectionViewCell.xib */ = {isa = PBXFileReference; lastKnownFileType = file.xib; path = MenuFilterCollectionViewCell.xib; sourceTree = "<group>"; };
		AADD713724CB71CA00EE7FD1 /* VendorServices.swift */ = {isa = PBXFileReference; lastKnownFileType = sourcecode.swift; path = VendorServices.swift; sourceTree = "<group>"; };
		AADD713924CB72BF00EE7FD1 /* MenuCategories.swift */ = {isa = PBXFileReference; lastKnownFileType = sourcecode.swift; path = MenuCategories.swift; sourceTree = "<group>"; };
		AADD713C24CB73D900EE7FD1 /* VendorProfileVC.swift */ = {isa = PBXFileReference; lastKnownFileType = sourcecode.swift; path = VendorProfileVC.swift; sourceTree = "<group>"; };
		AADD713E24CB755D00EE7FD1 /* VendorProfile+VendorViewPresenter.swift */ = {isa = PBXFileReference; lastKnownFileType = sourcecode.swift; path = "VendorProfile+VendorViewPresenter.swift"; sourceTree = "<group>"; };
		AADD714024CB758300EE7FD1 /* VendorProfilePresenter.swift */ = {isa = PBXFileReference; lastKnownFileType = sourcecode.swift; path = VendorProfilePresenter.swift; sourceTree = "<group>"; };
		AAE1097924D1CA1200C66670 /* CartItem.swift */ = {isa = PBXFileReference; lastKnownFileType = sourcecode.swift; path = CartItem.swift; sourceTree = "<group>"; };
		AAE1097C24D1D2B600C66670 /* CartVC.swift */ = {isa = PBXFileReference; lastKnownFileType = sourcecode.swift; path = CartVC.swift; sourceTree = "<group>"; };
		AAE1097E24D1D45500C66670 /* ProductPresenter.swift */ = {isa = PBXFileReference; lastKnownFileType = sourcecode.swift; path = ProductPresenter.swift; sourceTree = "<group>"; };
		AAE1098024D1DBB900C66670 /* CartServices.swift */ = {isa = PBXFileReference; lastKnownFileType = sourcecode.swift; path = CartServices.swift; sourceTree = "<group>"; };
		AAE1098224D1DD2500C66670 /* ProductVC+ProductViewDelegate.swift */ = {isa = PBXFileReference; lastKnownFileType = sourcecode.swift; path = "ProductVC+ProductViewDelegate.swift"; sourceTree = "<group>"; };
		AAE1098424D1F75800C66670 /* CartPresenter.swift */ = {isa = PBXFileReference; lastKnownFileType = sourcecode.swift; path = CartPresenter.swift; sourceTree = "<group>"; };
		AAE1098624D1F97C00C66670 /* CartVC+CartViewDelegate.swift */ = {isa = PBXFileReference; lastKnownFileType = sourcecode.swift; path = "CartVC+CartViewDelegate.swift"; sourceTree = "<group>"; };
		AAE37C8424D49AC5002CB1D0 /* PlaceOrder.swift */ = {isa = PBXFileReference; lastKnownFileType = sourcecode.swift; path = PlaceOrder.swift; sourceTree = "<group>"; };
		AAEBD30024E1CCE10010A81E /* VariationTableViewCell.swift */ = {isa = PBXFileReference; lastKnownFileType = sourcecode.swift; path = VariationTableViewCell.swift; sourceTree = "<group>"; };
		AAEBD30124E1CCE10010A81E /* VariationTableViewCell.xib */ = {isa = PBXFileReference; lastKnownFileType = file.xib; path = VariationTableViewCell.xib; sourceTree = "<group>"; };
		AAEBD30424E1E0D60010A81E /* CheckoutVC.swift */ = {isa = PBXFileReference; lastKnownFileType = sourcecode.swift; path = CheckoutVC.swift; sourceTree = "<group>"; };
		AAEBD30624E1E20C0010A81E /* CheckoutPresenter.swift */ = {isa = PBXFileReference; lastKnownFileType = sourcecode.swift; path = CheckoutPresenter.swift; sourceTree = "<group>"; };
		AAEBD30924E1E28E0010A81E /* CheckoutVC+CheckoutViewDelegate.swift */ = {isa = PBXFileReference; lastKnownFileType = sourcecode.swift; path = "CheckoutVC+CheckoutViewDelegate.swift"; sourceTree = "<group>"; };
		AAF6727124E58EAE0025C5C2 /* Markets.storyboard */ = {isa = PBXFileReference; lastKnownFileType = file.storyboard; path = Markets.storyboard; sourceTree = "<group>"; };
		AAF6727724E590F20025C5C2 /* Markets.swift */ = {isa = PBXFileReference; lastKnownFileType = sourcecode.swift; path = Markets.swift; sourceTree = "<group>"; };
		AAF6727924E5975F0025C5C2 /* MarketsVC.swift */ = {isa = PBXFileReference; lastKnownFileType = sourcecode.swift; path = MarketsVC.swift; sourceTree = "<group>"; };
		AAF6727C24E59AD10025C5C2 /* MarketTableViewCell.swift */ = {isa = PBXFileReference; lastKnownFileType = sourcecode.swift; path = MarketTableViewCell.swift; sourceTree = "<group>"; };
		AAF6727D24E59AD10025C5C2 /* MarketTableViewCell.xib */ = {isa = PBXFileReference; lastKnownFileType = file.xib; path = MarketTableViewCell.xib; sourceTree = "<group>"; };
		AAF6728024E59D6E0025C5C2 /* MarketsServices.swift */ = {isa = PBXFileReference; lastKnownFileType = sourcecode.swift; path = MarketsServices.swift; sourceTree = "<group>"; };
		AAF6728224E59DCD0025C5C2 /* NearByMarkets.swift */ = {isa = PBXFileReference; lastKnownFileType = sourcecode.swift; path = NearByMarkets.swift; sourceTree = "<group>"; };
		AAF6728624E5A2A60025C5C2 /* MarketPresenter.swift */ = {isa = PBXFileReference; lastKnownFileType = sourcecode.swift; path = MarketPresenter.swift; sourceTree = "<group>"; };
		AAF6728824E5A5610025C5C2 /* MarketsVC+CLLocationManagerDelegate.swift */ = {isa = PBXFileReference; lastKnownFileType = sourcecode.swift; path = "MarketsVC+CLLocationManagerDelegate.swift"; sourceTree = "<group>"; };
		AAF6728A24E5A6850025C5C2 /* Markets+MarketsViewDelegate.swift */ = {isa = PBXFileReference; lastKnownFileType = sourcecode.swift; path = "Markets+MarketsViewDelegate.swift"; sourceTree = "<group>"; };
		AAF6728C24E5A7020025C5C2 /* MarketsVC+TableViewDelegate.swift */ = {isa = PBXFileReference; lastKnownFileType = sourcecode.swift; path = "MarketsVC+TableViewDelegate.swift"; sourceTree = "<group>"; };
		AAF6729024E5AD0E0025C5C2 /* FilterVC.swift */ = {isa = PBXFileReference; lastKnownFileType = sourcecode.swift; path = FilterVC.swift; sourceTree = "<group>"; };
		AAF7F15224EF06BB00FAE7D7 /* SpecialNeedCarVC+GMSMapViewDelegate.swift */ = {isa = PBXFileReference; lastKnownFileType = sourcecode.swift; path = "SpecialNeedCarVC+GMSMapViewDelegate.swift"; sourceTree = "<group>"; };
		AAF7F15424EF0AE200FAE7D7 /* SpecialCars.swift */ = {isa = PBXFileReference; lastKnownFileType = sourcecode.swift; path = SpecialCars.swift; sourceTree = "<group>"; };
		AAF7F15824EF0B3300FAE7D7 /* SpecialCarResult.swift */ = {isa = PBXFileReference; lastKnownFileType = sourcecode.swift; path = SpecialCarResult.swift; sourceTree = "<group>"; };
		AAF7F15A24EF0C2500FAE7D7 /* SpecialCarsServices.swift */ = {isa = PBXFileReference; lastKnownFileType = sourcecode.swift; path = SpecialCarsServices.swift; sourceTree = "<group>"; };
		AAF7F15C24EF0F5800FAE7D7 /* SpecialNeedCarPresenter.swift */ = {isa = PBXFileReference; lastKnownFileType = sourcecode.swift; path = SpecialNeedCarPresenter.swift; sourceTree = "<group>"; };
		AAF98F6324E5B453006A1A6E /* FilterVC+MarketsViewDelegate.swift */ = {isa = PBXFileReference; lastKnownFileType = sourcecode.swift; path = "FilterVC+MarketsViewDelegate.swift"; sourceTree = "<group>"; };
		AAF9997C24C778CC009DB374 /* LoginVC.swift */ = {isa = PBXFileReference; lastKnownFileType = sourcecode.swift; path = LoginVC.swift; sourceTree = "<group>"; };
		AAF9997E24C779E7009DB374 /* Router.swift */ = {isa = PBXFileReference; lastKnownFileType = sourcecode.swift; path = Router.swift; sourceTree = "<group>"; };
		AAF9998024C78062009DB374 /* Alert.swift */ = {isa = PBXFileReference; fileEncoding = 4; lastKnownFileType = sourcecode.swift; path = Alert.swift; sourceTree = "<group>"; };
		AAFCC96924F7D1FB00D1B095 /* SpecialCarsTableViewCell.swift */ = {isa = PBXFileReference; lastKnownFileType = sourcecode.swift; path = SpecialCarsTableViewCell.swift; sourceTree = "<group>"; };
		AAFCC96A24F7D1FB00D1B095 /* SpecialCarsTableViewCell.xib */ = {isa = PBXFileReference; lastKnownFileType = file.xib; path = SpecialCarsTableViewCell.xib; sourceTree = "<group>"; };
		AAFCC96D24F7D41800D1B095 /* SpecialNeedCarVC+TableViewDelegate.swift */ = {isa = PBXFileReference; lastKnownFileType = sourcecode.swift; path = "SpecialNeedCarVC+TableViewDelegate.swift"; sourceTree = "<group>"; };
/* End PBXFileReference section */

/* Begin PBXFrameworksBuildPhase section */
		AACA7EAD24C759FA004437FC /* Frameworks */ = {
			isa = PBXFrameworksBuildPhase;
			buildActionMask = 2147483647;
			files = (
				90295440F0398DE5AE2905E3 /* Pods_TheBest_iOS.framework in Frameworks */,
			);
			runOnlyForDeploymentPostprocessing = 0;
		};
/* End PBXFrameworksBuildPhase section */

/* Begin PBXGroup section */
		3E91BFF645DE375FD7A39E4A /* Frameworks */ = {
			isa = PBXGroup;
			children = (
				00C9089EE0CE356CA811A998 /* Pods_TheBest_iOS.framework */,
			);
			name = Frameworks;
			sourceTree = "<group>";
		};
		AA025DB824D5F1DF0067C682 /* Model */ = {
			isa = PBXGroup;
			children = (
				AA025DBA24D5F3D40067C682 /* Taxi.swift */,
				AA028A9624D708A6007255FD /* Drivers.swift */,
				AA028A9824D70A0B007255FD /* Distance.swift */,
			);
			path = Model;
			sourceTree = "<group>";
		};
		AA025DB924D5F1E70067C682 /* Presenter */ = {
			isa = PBXGroup;
			children = (
				AA4CB63F24D5F73D00C861CA /* TaxiOrderPresenter.swift */,
			);
			path = Presenter;
			sourceTree = "<group>";
		};
		AA025DBC24D5F4160067C682 /* Interactor */ = {
			isa = PBXGroup;
			children = (
				AA025DBD24D5F42C0067C682 /* TripsServices.swift */,
			);
			path = Interactor;
			sourceTree = "<group>";
		};
		AA02858124D869D10017E35D /* XIBs */ = {
			isa = PBXGroup;
			children = (
				AABE303D24E08A6A00DFDE1B /* After cancel */,
				AABE303824E0887700DFDE1B /* Cancel reasons */,
				AA02858624D86A070017E35D /* Drivers */,
			);
			path = XIBs;
			sourceTree = "<group>";
		};
		AA02858624D86A070017E35D /* Drivers */ = {
			isa = PBXGroup;
			children = (
				AA02858224D869FA0017E35D /* DriversTableViewCell.swift */,
				AA02858324D869FB0017E35D /* DriversTableViewCell.xib */,
			);
			path = Drivers;
			sourceTree = "<group>";
		};
		AA04D68A24F83EDB00BE4628 /* Furniture */ = {
			isa = PBXGroup;
			children = (
				AA04D69C24F8477000BE4628 /* Interactor */,
				AA04D69924F8472200BE4628 /* Model */,
				AA04D68B24F83F0700BE4628 /* View */,
				AA04D68C24F83F1400BE4628 /* Presenter */,
			);
			path = Furniture;
			sourceTree = "<group>";
		};
		AA04D68B24F83F0700BE4628 /* View */ = {
			isa = PBXGroup;
			children = (
				AA04D68D24F83F4F00BE4628 /* FurnitureVC.swift */,
				AA04D68F24F8435500BE4628 /* FurnitureVC+CLLocationManagerDelegate.swift */,
				AA04D69124F8439000BE4628 /* FurnitureVC+TaxiOrderViewDelegate.swift */,
				AA04D69324F8442600BE4628 /* FurnitureVC+GMSMapViewDelegate.swift */,
				AA04D69524F8450E00BE4628 /* FurnitureVC+GMSAutocompleteViewControllerDelegate.swift */,
				AA04D69F24F84AE700BE4628 /* FurnitureVC+CollectionViewDelegate.swift */,
				AA04D6A124F84BCB00BE4628 /* FurnitureVC+FurnitureViewDelegate.swift */,
				AA16D44924FA5EA40074424A /* FurnitureVC+TableViewDelegate.swift */,
			);
			path = View;
			sourceTree = "<group>";
		};
		AA04D68C24F83F1400BE4628 /* Presenter */ = {
			isa = PBXGroup;
			children = (
				AA04D69724F845E300BE4628 /* FurnitureVCPresenter.swift */,
			);
			path = Presenter;
			sourceTree = "<group>";
		};
		AA04D69924F8472200BE4628 /* Model */ = {
			isa = PBXGroup;
			children = (
				AA04D69A24F8472D00BE4628 /* TruckTypes.swift */,
				AA16D44724FA5B220074424A /* TrucksResult.swift */,
			);
			path = Model;
			sourceTree = "<group>";
		};
		AA04D69C24F8477000BE4628 /* Interactor */ = {
			isa = PBXGroup;
			children = (
				AA04D69D24F8478200BE4628 /* FurnitureServices.swift */,
			);
			path = Interactor;
			sourceTree = "<group>";
		};
		AA0A5C3724F0309C00F61198 /* XIBs */ = {
			isa = PBXGroup;
			children = (
				AAFCC96824F7D1CA00D1B095 /* SpecialCars */,
				AAFCC96724F7D1BC00D1B095 /* CarsTypes */,
			);
			path = XIBs;
			sourceTree = "<group>";
		};
		AA0B883124CF4B000055F93E /* Product */ = {
			isa = PBXGroup;
			children = (
				AA0B883224CF4B320055F93E /* ProductVC.swift */,
				AAE1098224D1DD2500C66670 /* ProductVC+ProductViewDelegate.swift */,
			);
			path = Product;
			sourceTree = "<group>";
		};
		AA0B883424CF6A110055F93E /* Cart */ = {
			isa = PBXGroup;
			children = (
				AA0B883524CF6A2D0055F93E /* CartItemsTableViewCell.swift */,
				AA0B883624CF6A2D0055F93E /* CartItemsTableViewCell.xib */,
			);
			path = Cart;
			sourceTree = "<group>";
		};
		AA0BC2EB24F588AB00430FFE /* LastOrders */ = {
			isa = PBXGroup;
			children = (
				AA0BC2EF24F58D4400430FFE /* XIBs */,
				AA0BC2EC24F588C200430FFE /* View */,
			);
			path = LastOrders;
			sourceTree = "<group>";
		};
		AA0BC2EC24F588C200430FFE /* View */ = {
			isa = PBXGroup;
			children = (
				AA0BC2ED24F588DE00430FFE /* LastOrdersVC.swift */,
				AA0BC2F424F58FCE00430FFE /* LastOrders+CollectionViewDelegate.swift */,
			);
			path = View;
			sourceTree = "<group>";
		};
		AA0BC2EF24F58D4400430FFE /* XIBs */ = {
			isa = PBXGroup;
			children = (
			);
			path = XIBs;
			sourceTree = "<group>";
		};
		AA19194224EEB50700EE080E /* SpecialNeedCar */ = {
			isa = PBXGroup;
			children = (
				AA19194624EEB5AF00EE080E /* Interactor */,
				AA19194324EEB54800EE080E /* Model */,
				AA19194424EEB55200EE080E /* View */,
				AA19194524EEB5A200EE080E /* Presenter */,
				AA0A5C3724F0309C00F61198 /* XIBs */,
			);
			path = SpecialNeedCar;
			sourceTree = "<group>";
		};
		AA19194324EEB54800EE080E /* Model */ = {
			isa = PBXGroup;
			children = (
				AAF7F15424EF0AE200FAE7D7 /* SpecialCars.swift */,
				AAF7F15824EF0B3300FAE7D7 /* SpecialCarResult.swift */,
				AA0D781924F68AB900AB4ABA /* Equipments.swift */,
			);
			path = Model;
			sourceTree = "<group>";
		};
		AA19194424EEB55200EE080E /* View */ = {
			isa = PBXGroup;
			children = (
				AA19194724EF01AC00EE080E /* SpecialNeedCarVC.swift */,
				AA19194924EF037500EE080E /* SpecialNeedCar+CLLocationManagerDelegate.swift */,
				AA19194B24EF04E100EE080E /* SpecialNeedCar+TaxiOrderViewDelegate.swift */,
				AAF7F15224EF06BB00FAE7D7 /* SpecialNeedCarVC+GMSMapViewDelegate.swift */,
				AA0A5C3C24F0359500F61198 /* SpecialNeedCarVC+GMSAutocompleteViewControllerDelegate.swift */,
				AA0A5C3E24F0397E00F61198 /* SpecialNeedCarVC+SpecialNeedCarViewDelegate.swift */,
				AA0A5C4024F03A3700F61198 /* SpecialNeedCarsVC+CollectionViewDelegates.swift */,
				AAFCC96D24F7D41800D1B095 /* SpecialNeedCarVC+TableViewDelegate.swift */,
			);
			path = View;
			sourceTree = "<group>";
		};
		AA19194524EEB5A200EE080E /* Presenter */ = {
			isa = PBXGroup;
			children = (
				AAF7F15C24EF0F5800FAE7D7 /* SpecialNeedCarPresenter.swift */,
			);
			path = Presenter;
			sourceTree = "<group>";
		};
		AA19194624EEB5AF00EE080E /* Interactor */ = {
			isa = PBXGroup;
			children = (
				AAF7F15A24EF0C2500FAE7D7 /* SpecialCarsServices.swift */,
			);
			path = Interactor;
			sourceTree = "<group>";
		};
		AAA3B97B24D5958E00852404 /* Taxi */ = {
			isa = PBXGroup;
			children = (
				AA025DBC24D5F4160067C682 /* Interactor */,
				AA025DB824D5F1DF0067C682 /* Model */,
				AAA3B97C24D5959D00852404 /* View */,
				AA025DB924D5F1E70067C682 /* Presenter */,
				AA02858124D869D10017E35D /* XIBs */,
			);
			path = Taxi;
			sourceTree = "<group>";
		};
		AAA3B97C24D5959D00852404 /* View */ = {
			isa = PBXGroup;
			children = (
				AAA3B97D24D595C000852404 /* TaxiOrderVC.swift */,
				AA0269A124D63259008EA4F8 /* TaxiOrderVC+TaxiOrderViewDelegate.swift */,
				AA02858724D879580017E35D /* TaxiOrderVC+GMSMapViewDelegate.swift */,
				AA02858924D898570017E35D /* TaxiOrderVC+ GMSAutocompleteViewControllerDelegate.swift */,
			);
			path = View;
			sourceTree = "<group>";
		};
		AAB1E57424CA139500E3E499 /* Login */ = {
			isa = PBXGroup;
			children = (
				AAF9997C24C778CC009DB374 /* LoginVC.swift */,
				AA026F7D24C78E24003FFF4E /* LoginVC+LoginViewDelegate.swift */,
			);
			path = Login;
			sourceTree = "<group>";
		};
		AAB1E57524CA13A100E3E499 /* Register */ = {
			isa = PBXGroup;
			children = (
				AAB1E57624CA13D900E3E499 /* RegisterVC.swift */,
				AAB1E57C24CA200F00E3E499 /* RegisterVC+RegisterViewDelegate.swift */,
			);
			path = Register;
			sourceTree = "<group>";
		};
		AAB3082B24CCB27C00D8FE0C /* Menu */ = {
			isa = PBXGroup;
			children = (
				AAB3082C24CCB29600D8FE0C /* MenuTableViewCell.swift */,
				AAB3082D24CCB29600D8FE0C /* MenuTableViewCell.xib */,
			);
			path = Menu;
			sourceTree = "<group>";
		};
		AAB5C73424CB105600A6B6E4 /* Interactor */ = {
			isa = PBXGroup;
			children = (
				AAB5C73524CB108800A6B6E4 /* CategoriesServices.swift */,
				AADD713724CB71CA00EE7FD1 /* VendorServices.swift */,
				AAE1098024D1DBB900C66670 /* CartServices.swift */,
				AAE37C8424D49AC5002CB1D0 /* PlaceOrder.swift */,
			);
			path = Interactor;
			sourceTree = "<group>";
		};
		AAB5C73F24CB35AA00A6B6E4 /* Home */ = {
			isa = PBXGroup;
			children = (
				AAC2DC5B24C8AA5B00378934 /* HomeVC.swift */,
				AAB5C73B24CB172F00A6B6E4 /* HomeVC+HomeViewDelegate.swift */,
			);
			path = Home;
			sourceTree = "<group>";
		};
		AAB5C74024CB35B800A6B6E4 /* Categories */ = {
			isa = PBXGroup;
			children = (
				AAC2DC5E24C8AECD00378934 /* CategoriesCollectionViewCell.swift */,
				AAC2DC5F24C8AECD00378934 /* CategoriesCollectionViewCell.xib */,
			);
			path = Categories;
			sourceTree = "<group>";
		};
		AAB5C74124CB375B00A6B6E4 /* Filters */ = {
			isa = PBXGroup;
			children = (
				AAB5C74224CB377F00A6B6E4 /* FiltersCollectionViewCell.swift */,
				AAB5C74324CB377F00A6B6E4 /* FiltersCollectionViewCell.xib */,
			);
			path = Filters;
			sourceTree = "<group>";
		};
		AAB5C74624CB380B00A6B6E4 /* Places */ = {
			isa = PBXGroup;
			children = (
				AAB5C74724CB381B00A6B6E4 /* PlacesTableViewCell.swift */,
				AAB5C74824CB381B00A6B6E4 /* PlacesTableViewCell.xib */,
			);
			path = Places;
			sourceTree = "<group>";
		};
		AABE303824E0887700DFDE1B /* Cancel reasons */ = {
			isa = PBXGroup;
			children = (
				AABE303924E088B900DFDE1B /* ReasonsCollectionViewCell.swift */,
				AABE303A24E088B900DFDE1B /* ReasonsCollectionViewCell.xib */,
			);
			path = "Cancel reasons";
			sourceTree = "<group>";
		};
		AABE303D24E08A6A00DFDE1B /* After cancel */ = {
			isa = PBXGroup;
			children = (
				AABE303E24E08A9900DFDE1B /* AfterCancelCollectionViewCell.swift */,
				AABE303F24E08A9900DFDE1B /* AfterCancelCollectionViewCell.xib */,
			);
			path = "After cancel";
			sourceTree = "<group>";
		};
		AAC2DC5724C8A9C700378934 /* Home+Food */ = {
			isa = PBXGroup;
			children = (
				AAB5C73424CB105600A6B6E4 /* Interactor */,
				AAC2DC5924C8A9EC00378934 /* Model */,
				AAC2DC5824C8A9E200378934 /* View */,
				AAC2DC5A24C8A9F400378934 /* Presenter */,
				AAC2DC5D24C8AEAD00378934 /* XIBs */,
			);
			path = "Home+Food";
			sourceTree = "<group>";
		};
		AAC2DC5824C8A9E200378934 /* View */ = {
			isa = PBXGroup;
			children = (
				AAC2DC6C24C8BB7700378934 /* DrawerVC.swift */,
				AAB5C73F24CB35AA00A6B6E4 /* Home */,
				AADD712F24CB3DE400EE7FD1 /* Stores */,
				AADD713B24CB73BA00EE7FD1 /* VendorProfile */,
				AA0B883124CF4B000055F93E /* Product */,
				AAE1097B24D1D2A400C66670 /* Cart */,
				AAEBD30824E1E2770010A81E /* Checkout */,
			);
			path = View;
			sourceTree = "<group>";
		};
		AAC2DC5924C8A9EC00378934 /* Model */ = {
			isa = PBXGroup;
			children = (
				AAC2DC6224C8B0F800378934 /* AppCategory.swift */,
				AAB5C73724CB112000A6B6E4 /* Categories.swift */,
				AAB5C73D24CB319F00A6B6E4 /* SubCategories.swift */,
				AADD713024CB5C7700EE7FD1 /* Places.swift */,
				AADD713924CB72BF00EE7FD1 /* MenuCategories.swift */,
				AAB3082924CCAD9500D8FE0C /* MenuItems.swift */,
				AAE1097924D1CA1200C66670 /* CartItem.swift */,
			);
			path = Model;
			sourceTree = "<group>";
		};
		AAC2DC5A24C8A9F400378934 /* Presenter */ = {
			isa = PBXGroup;
			children = (
				AAB5C73924CB115800A6B6E4 /* HomePresenter.swift */,
				AADD712B24CB3C7D00EE7FD1 /* StoresPresenter.swift */,
				AADD714024CB758300EE7FD1 /* VendorProfilePresenter.swift */,
				AAE1097E24D1D45500C66670 /* ProductPresenter.swift */,
				AAE1098424D1F75800C66670 /* CartPresenter.swift */,
				AAEBD30624E1E20C0010A81E /* CheckoutPresenter.swift */,
			);
			path = Presenter;
			sourceTree = "<group>";
		};
		AAC2DC5D24C8AEAD00378934 /* XIBs */ = {
			isa = PBXGroup;
			children = (
				AAEBD2FF24E1CCC80010A81E /* Variation */,
				AA0B883424CF6A110055F93E /* Cart */,
				AAB3082B24CCB27C00D8FE0C /* Menu */,
				AADD713224CB6FBC00EE7FD1 /* MenuFiltering */,
				AAB5C74624CB380B00A6B6E4 /* Places */,
				AAB5C74124CB375B00A6B6E4 /* Filters */,
				AAB5C74024CB35B800A6B6E4 /* Categories */,
			);
			path = XIBs;
			sourceTree = "<group>";
		};
		AACA7EA724C759FA004437FC = {
			isa = PBXGroup;
			children = (
				AACA7EB224C759FA004437FC /* TheBest-iOS */,
				AACA7EB124C759FA004437FC /* Products */,
				F3D7D3D0A1FB488100F69D43 /* Pods */,
				3E91BFF645DE375FD7A39E4A /* Frameworks */,
			);
			sourceTree = "<group>";
		};
		AACA7EB124C759FA004437FC /* Products */ = {
			isa = PBXGroup;
			children = (
				AACA7EB024C759FA004437FC /* TheBest-iOS.app */,
			);
			name = Products;
			sourceTree = "<group>";
		};
		AACA7EB224C759FA004437FC /* TheBest-iOS */ = {
			isa = PBXGroup;
			children = (
				AACA7ED824C7619A004437FC /* Configurations */,
				AACA7ED724C76190004437FC /* Storyboards */,
				AACA7ED624C7617C004437FC /* Scenes */,
				AACA7ED524C76173004437FC /* UI-Helpers */,
				AACA7ED424C7610D004437FC /* Utilities */,
			);
			path = "TheBest-iOS";
			sourceTree = "<group>";
		};
		AACA7ED424C7610D004437FC /* Utilities */ = {
			isa = PBXGroup;
			children = (
				AAF9997624C774F4009DB374 /* Fonts */,
				AAF9997E24C779E7009DB374 /* Router.swift */,
				AA026F7F24C79A89003FFF4E /* API-Endpoints.swift */,
				AACA7EBC24C759FA004437FC /* TheBest_iOS.xcdatamodeld */,
				AAB1E57A24CA1D4500E3E499 /* SharedData.swift */,
				AA028A9224D6F21C007255FD /* Constants.swift */,
			);
			path = Utilities;
			sourceTree = "<group>";
		};
		AACA7ED524C76173004437FC /* UI-Helpers */ = {
			isa = PBXGroup;
			children = (
				AAC2DC6A24C8B77000378934 /* Drawer.swift */,
				AAC2DC6424C8B25800378934 /* CustomViews.swift */,
				AAF9998024C78062009DB374 /* Alert.swift */,
				AAC2DC6824C8B71600378934 /* Gradient.swift */,
				AA028A9424D6FBC9007255FD /* SetupPicker.swift */,
				AA025ABC24E31C510018C3EE /* Images.swift */,
			);
			path = "UI-Helpers";
			sourceTree = "<group>";
		};
		AACA7ED624C7617C004437FC /* Scenes */ = {
			isa = PBXGroup;
			children = (
				AACA7ED924C761B6004437FC /* AboutUs */,
				AAF9997724C7750B009DB374 /* Login+Registeration */,
				AAC2DC5724C8A9C700378934 /* Home+Food */,
				AA0BC2EB24F588AB00430FFE /* LastOrders */,
				AAF6727024E58E460025C5C2 /* Markets */,
				AAA3B97B24D5958E00852404 /* Taxi */,
				AA19194224EEB50700EE080E /* SpecialNeedCar */,
				AA04D68A24F83EDB00BE4628 /* Furniture */,
			);
			path = Scenes;
			sourceTree = "<group>";
		};
		AACA7ED724C76190004437FC /* Storyboards */ = {
			isa = PBXGroup;
			children = (
				AACA7EC124C759FC004437FC /* LaunchScreen.storyboard */,
				AACA7EB924C759FA004437FC /* Main.storyboard */,
				AAC2DC6624C8B6C900378934 /* Drawer.storyboard */,
				AAA3B97924D593FE00852404 /* Taxi.storyboard */,
				AAF6727124E58EAE0025C5C2 /* Markets.storyboard */,
			);
			path = Storyboards;
			sourceTree = "<group>";
		};
		AACA7ED824C7619A004437FC /* Configurations */ = {
			isa = PBXGroup;
			children = (
				AACA7EB324C759FA004437FC /* AppDelegate.swift */,
				AACA7EB524C759FA004437FC /* SceneDelegate.swift */,
				AACA7EC424C759FC004437FC /* Info.plist */,
				AACA7ECA24C75CFC004437FC /* GoogleService-Info.plist */,
				AACA7EBF24C759FC004437FC /* Assets.xcassets */,
			);
			path = Configurations;
			sourceTree = "<group>";
		};
		AACA7ED924C761B6004437FC /* AboutUs */ = {
			isa = PBXGroup;
			children = (
				AACA7EDB24C761CD004437FC /* Model */,
				AACA7EDA24C761C2004437FC /* View */,
			);
			path = AboutUs;
			sourceTree = "<group>";
		};
		AACA7EDA24C761C2004437FC /* View */ = {
			isa = PBXGroup;
			children = (
				AACA7ECE24C760EA004437FC /* AboutUsViewController.swift */,
				AACA7ED024C760F7004437FC /* AboutUsCollectionViewCell.swift */,
			);
			path = View;
			sourceTree = "<group>";
		};
		AACA7EDB24C761CD004437FC /* Model */ = {
			isa = PBXGroup;
			children = (
				AACA7ED124C760F8004437FC /* Guide.swift */,
			);
			path = Model;
			sourceTree = "<group>";
		};
		AADD712F24CB3DE400EE7FD1 /* Stores */ = {
			isa = PBXGroup;
			children = (
				AAB5C74B24CB39D600A6B6E4 /* StoresVC.swift */,
				AADD712D24CB3DDD00EE7FD1 /* StoresVC+StoresViewDelegate.swift */,
			);
			path = Stores;
			sourceTree = "<group>";
		};
		AADD713224CB6FBC00EE7FD1 /* MenuFiltering */ = {
			isa = PBXGroup;
			children = (
				AADD713324CB6FD700EE7FD1 /* MenuFilterCollectionViewCell.swift */,
				AADD713424CB6FD700EE7FD1 /* MenuFilterCollectionViewCell.xib */,
			);
			path = MenuFiltering;
			sourceTree = "<group>";
		};
		AADD713B24CB73BA00EE7FD1 /* VendorProfile */ = {
			isa = PBXGroup;
			children = (
				AADD713C24CB73D900EE7FD1 /* VendorProfileVC.swift */,
				AADD713E24CB755D00EE7FD1 /* VendorProfile+VendorViewPresenter.swift */,
			);
			path = VendorProfile;
			sourceTree = "<group>";
		};
		AAE1097B24D1D2A400C66670 /* Cart */ = {
			isa = PBXGroup;
			children = (
				AAE1097C24D1D2B600C66670 /* CartVC.swift */,
				AAE1098624D1F97C00C66670 /* CartVC+CartViewDelegate.swift */,
			);
			path = Cart;
			sourceTree = "<group>";
		};
		AAEBD2FF24E1CCC80010A81E /* Variation */ = {
			isa = PBXGroup;
			children = (
				AAEBD30024E1CCE10010A81E /* VariationTableViewCell.swift */,
				AAEBD30124E1CCE10010A81E /* VariationTableViewCell.xib */,
			);
			path = Variation;
			sourceTree = "<group>";
		};
		AAEBD30824E1E2770010A81E /* Checkout */ = {
			isa = PBXGroup;
			children = (
				AAEBD30424E1E0D60010A81E /* CheckoutVC.swift */,
				AAEBD30924E1E28E0010A81E /* CheckoutVC+CheckoutViewDelegate.swift */,
			);
			path = Checkout;
			sourceTree = "<group>";
		};
		AAF6727024E58E460025C5C2 /* Markets */ = {
			isa = PBXGroup;
			children = (
				AAF6727624E58ED00025C5C2 /* Interactor */,
				AAF6727524E58ECA0025C5C2 /* Model */,
				AAF6727424E58EC40025C5C2 /* View */,
				AAF6727324E58EBB0025C5C2 /* Presenter */,
				AAF6727B24E59A720025C5C2 /* XIBs */,
			);
			path = Markets;
			sourceTree = "<group>";
		};
		AAF6727324E58EBB0025C5C2 /* Presenter */ = {
			isa = PBXGroup;
			children = (
				AAF6728624E5A2A60025C5C2 /* MarketPresenter.swift */,
			);
			path = Presenter;
			sourceTree = "<group>";
		};
		AAF6727424E58EC40025C5C2 /* View */ = {
			isa = PBXGroup;
			children = (
				AAF6728E24E5ACEF0025C5C2 /* Markets */,
				AAF6728F24E5ACF90025C5C2 /* Filter */,
			);
			path = View;
			sourceTree = "<group>";
		};
		AAF6727524E58ECA0025C5C2 /* Model */ = {
			isa = PBXGroup;
			children = (
				AAF6727724E590F20025C5C2 /* Markets.swift */,
				AAF6728224E59DCD0025C5C2 /* NearByMarkets.swift */,
				AA3239DC24E9842A009B9960 /* MarketTypes.swift */,
			);
			path = Model;
			sourceTree = "<group>";
		};
		AAF6727624E58ED00025C5C2 /* Interactor */ = {
			isa = PBXGroup;
			children = (
				AAF6728024E59D6E0025C5C2 /* MarketsServices.swift */,
			);
			path = Interactor;
			sourceTree = "<group>";
		};
		AAF6727B24E59A720025C5C2 /* XIBs */ = {
			isa = PBXGroup;
			children = (
				AAF6727C24E59AD10025C5C2 /* MarketTableViewCell.swift */,
				AAF6727D24E59AD10025C5C2 /* MarketTableViewCell.xib */,
			);
			path = XIBs;
			sourceTree = "<group>";
		};
		AAF6728E24E5ACEF0025C5C2 /* Markets */ = {
			isa = PBXGroup;
			children = (
				AAF6727924E5975F0025C5C2 /* MarketsVC.swift */,
				AAF6728824E5A5610025C5C2 /* MarketsVC+CLLocationManagerDelegate.swift */,
				AAF6728A24E5A6850025C5C2 /* Markets+MarketsViewDelegate.swift */,
				AAF6728C24E5A7020025C5C2 /* MarketsVC+TableViewDelegate.swift */,
			);
			path = Markets;
			sourceTree = "<group>";
		};
		AAF6728F24E5ACF90025C5C2 /* Filter */ = {
			isa = PBXGroup;
			children = (
				AAF6729024E5AD0E0025C5C2 /* FilterVC.swift */,
				AAF98F6324E5B453006A1A6E /* FilterVC+MarketsViewDelegate.swift */,
			);
			path = Filter;
			sourceTree = "<group>";
		};
		AAF9997624C774F4009DB374 /* Fonts */ = {
			isa = PBXGroup;
			children = (
				AACA7EDC24C76BAC004437FC /* Lato-Black.ttf */,
				AACA7EDF24C76BAD004437FC /* Lato-BlackItalic.ttf */,
				AACA7EE424C76BAE004437FC /* Lato-Bold.ttf */,
				AACA7EDD24C76BAC004437FC /* Lato-BoldItalic.ttf */,
				AACA7EE124C76BAD004437FC /* Lato-Italic.ttf */,
				AACA7EE224C76BAD004437FC /* Lato-Light.ttf */,
				AACA7EE524C76BAE004437FC /* Lato-LightItalic.ttf */,
				AACA7EE324C76BAE004437FC /* Lato-Regular.ttf */,
				AACA7EE024C76BAD004437FC /* Lato-Thin.ttf */,
				AACA7EDE24C76BAC004437FC /* Lato-ThinItalic.ttf */,
			);
			path = Fonts;
			sourceTree = "<group>";
		};
		AAF9997724C7750B009DB374 /* Login+Registeration */ = {
			isa = PBXGroup;
			children = (
				AAF9997B24C77539009DB374 /* Interactor */,
				AAF9997824C7751C009DB374 /* Model */,
				AAF9997924C77527009DB374 /* View */,
				AAF9997A24C7752E009DB374 /* Presenter */,
			);
			path = "Login+Registeration";
			sourceTree = "<group>";
		};
		AAF9997824C7751C009DB374 /* Model */ = {
			isa = PBXGroup;
			children = (
				AA026F8324C79DE8003FFF4E /* User.swift */,
			);
			path = Model;
			sourceTree = "<group>";
		};
		AAF9997924C77527009DB374 /* View */ = {
			isa = PBXGroup;
			children = (
				AAB1E57424CA139500E3E499 /* Login */,
				AAB1E57524CA13A100E3E499 /* Register */,
			);
			path = View;
			sourceTree = "<group>";
		};
		AAF9997A24C7752E009DB374 /* Presenter */ = {
			isa = PBXGroup;
			children = (
				AA026F7B24C788CE003FFF4E /* LoginPresenter.swift */,
				AAB1E57824CA1A1A00E3E499 /* RegisterPresenter.swift */,
			);
			path = Presenter;
			sourceTree = "<group>";
		};
		AAF9997B24C77539009DB374 /* Interactor */ = {
			isa = PBXGroup;
			children = (
				AA026F8124C79B31003FFF4E /* AuthServices.swift */,
			);
			path = Interactor;
			sourceTree = "<group>";
		};
		AAFCC96724F7D1BC00D1B095 /* CarsTypes */ = {
			isa = PBXGroup;
			children = (
				AA0A5C3824F030CC00F61198 /* CarsTypesCollectionViewCell.swift */,
				AA0A5C3924F030CC00F61198 /* CarsTypesCollectionViewCell.xib */,
			);
			path = CarsTypes;
			sourceTree = "<group>";
		};
		AAFCC96824F7D1CA00D1B095 /* SpecialCars */ = {
			isa = PBXGroup;
			children = (
				AAFCC96924F7D1FB00D1B095 /* SpecialCarsTableViewCell.swift */,
				AAFCC96A24F7D1FB00D1B095 /* SpecialCarsTableViewCell.xib */,
			);
			path = SpecialCars;
			sourceTree = "<group>";
		};
		F3D7D3D0A1FB488100F69D43 /* Pods */ = {
			isa = PBXGroup;
			children = (
				0134758B5A9571EE28B59EED /* Pods-TheBest-iOS.debug.xcconfig */,
				52F018959EDF489E8F15E64A /* Pods-TheBest-iOS.release.xcconfig */,
			);
			path = Pods;
			sourceTree = "<group>";
		};
/* End PBXGroup section */

/* Begin PBXNativeTarget section */
		AACA7EAF24C759FA004437FC /* TheBest-iOS */ = {
			isa = PBXNativeTarget;
			buildConfigurationList = AACA7EC724C759FC004437FC /* Build configuration list for PBXNativeTarget "TheBest-iOS" */;
			buildPhases = (
				A52F5B35B0B8943A47446387 /* [CP] Check Pods Manifest.lock */,
				AACA7EAC24C759FA004437FC /* Sources */,
				AACA7EAD24C759FA004437FC /* Frameworks */,
				AACA7EAE24C759FA004437FC /* Resources */,
				F4CEDC623D8C5914321E144F /* [CP] Embed Pods Frameworks */,
				EEE4702A269DA628A7D61060 /* [CP] Copy Pods Resources */,
			);
			buildRules = (
			);
			dependencies = (
			);
			name = "TheBest-iOS";
			productName = "TheBest-iOS";
			productReference = AACA7EB024C759FA004437FC /* TheBest-iOS.app */;
			productType = "com.apple.product-type.application";
		};
/* End PBXNativeTarget section */

/* Begin PBXProject section */
		AACA7EA824C759FA004437FC /* Project object */ = {
			isa = PBXProject;
			attributes = {
				LastSwiftUpdateCheck = 1130;
				LastUpgradeCheck = 1130;
				ORGANIZATIONNAME = "Sherif Darwish";
				TargetAttributes = {
					AACA7EAF24C759FA004437FC = {
						CreatedOnToolsVersion = 11.3.1;
					};
				};
			};
			buildConfigurationList = AACA7EAB24C759FA004437FC /* Build configuration list for PBXProject "TheBest-iOS" */;
			compatibilityVersion = "Xcode 9.3";
			developmentRegion = en;
			hasScannedForEncodings = 0;
			knownRegions = (
				en,
				Base,
			);
			mainGroup = AACA7EA724C759FA004437FC;
			productRefGroup = AACA7EB124C759FA004437FC /* Products */;
			projectDirPath = "";
			projectRoot = "";
			targets = (
				AACA7EAF24C759FA004437FC /* TheBest-iOS */,
			);
		};
/* End PBXProject section */

/* Begin PBXResourcesBuildPhase section */
		AACA7EAE24C759FA004437FC /* Resources */ = {
			isa = PBXResourcesBuildPhase;
			buildActionMask = 2147483647;
			files = (
				AACA7EEB24C76BAE004437FC /* Lato-Italic.ttf in Resources */,
				AAEBD30324E1CCE10010A81E /* VariationTableViewCell.xib in Resources */,
				AAB5C74A24CB381B00A6B6E4 /* PlacesTableViewCell.xib in Resources */,
				AA0A5C3B24F030CC00F61198 /* CarsTypesCollectionViewCell.xib in Resources */,
				AA02858524D869FB0017E35D /* DriversTableViewCell.xib in Resources */,
				AA0B883824CF6A2E0055F93E /* CartItemsTableViewCell.xib in Resources */,
				AACA7EE924C76BAE004437FC /* Lato-BlackItalic.ttf in Resources */,
				AACA7EEA24C76BAE004437FC /* Lato-Thin.ttf in Resources */,
				AAF6727F24E59AD10025C5C2 /* MarketTableViewCell.xib in Resources */,
				AACA7EEC24C76BAE004437FC /* Lato-Light.ttf in Resources */,
				AACA7EC324C759FC004437FC /* LaunchScreen.storyboard in Resources */,
				AACA7EEE24C76BAE004437FC /* Lato-Bold.ttf in Resources */,
				AACA7EE824C76BAE004437FC /* Lato-ThinItalic.ttf in Resources */,
				AACA7EC024C759FC004437FC /* Assets.xcassets in Resources */,
				AACA7EED24C76BAE004437FC /* Lato-Regular.ttf in Resources */,
				AACA7ECB24C75CFC004437FC /* GoogleService-Info.plist in Resources */,
				AACA7EE724C76BAE004437FC /* Lato-BoldItalic.ttf in Resources */,
				AAB5C74524CB377F00A6B6E4 /* FiltersCollectionViewCell.xib in Resources */,
				AAC2DC6124C8AECD00378934 /* CategoriesCollectionViewCell.xib in Resources */,
				AABE304124E08A9900DFDE1B /* AfterCancelCollectionViewCell.xib in Resources */,
				AAFCC96C24F7D1FB00D1B095 /* SpecialCarsTableViewCell.xib in Resources */,
				AABE303C24E088B900DFDE1B /* ReasonsCollectionViewCell.xib in Resources */,
				AADD713624CB6FD700EE7FD1 /* MenuFilterCollectionViewCell.xib in Resources */,
				AACA7EE624C76BAE004437FC /* Lato-Black.ttf in Resources */,
				AAC2DC6724C8B6C900378934 /* Drawer.storyboard in Resources */,
				AACA7EBB24C759FA004437FC /* Main.storyboard in Resources */,
				AAB3082F24CCB29600D8FE0C /* MenuTableViewCell.xib in Resources */,
				AAA3B97A24D593FE00852404 /* Taxi.storyboard in Resources */,
				AACA7EEF24C76BAE004437FC /* Lato-LightItalic.ttf in Resources */,
				AAF6727224E58EAE0025C5C2 /* Markets.storyboard in Resources */,
			);
			runOnlyForDeploymentPostprocessing = 0;
		};
/* End PBXResourcesBuildPhase section */

/* Begin PBXShellScriptBuildPhase section */
		A52F5B35B0B8943A47446387 /* [CP] Check Pods Manifest.lock */ = {
			isa = PBXShellScriptBuildPhase;
			buildActionMask = 2147483647;
			files = (
			);
			inputFileListPaths = (
			);
			inputPaths = (
				"${PODS_PODFILE_DIR_PATH}/Podfile.lock",
				"${PODS_ROOT}/Manifest.lock",
			);
			name = "[CP] Check Pods Manifest.lock";
			outputFileListPaths = (
			);
			outputPaths = (
				"$(DERIVED_FILE_DIR)/Pods-TheBest-iOS-checkManifestLockResult.txt",
			);
			runOnlyForDeploymentPostprocessing = 0;
			shellPath = /bin/sh;
			shellScript = "diff \"${PODS_PODFILE_DIR_PATH}/Podfile.lock\" \"${PODS_ROOT}/Manifest.lock\" > /dev/null\nif [ $? != 0 ] ; then\n    # print error to STDERR\n    echo \"error: The sandbox is not in sync with the Podfile.lock. Run 'pod install' or update your CocoaPods installation.\" >&2\n    exit 1\nfi\n# This output is used by Xcode 'outputs' to avoid re-running this script phase.\necho \"SUCCESS\" > \"${SCRIPT_OUTPUT_FILE_0}\"\n";
			showEnvVarsInLog = 0;
		};
		EEE4702A269DA628A7D61060 /* [CP] Copy Pods Resources */ = {
			isa = PBXShellScriptBuildPhase;
			buildActionMask = 2147483647;
			files = (
			);
			inputFileListPaths = (
				"${PODS_ROOT}/Target Support Files/Pods-TheBest-iOS/Pods-TheBest-iOS-resources-${CONFIGURATION}-input-files.xcfilelist",
			);
			name = "[CP] Copy Pods Resources";
			outputFileListPaths = (
				"${PODS_ROOT}/Target Support Files/Pods-TheBest-iOS/Pods-TheBest-iOS-resources-${CONFIGURATION}-output-files.xcfilelist",
			);
			runOnlyForDeploymentPostprocessing = 0;
			shellPath = /bin/sh;
			shellScript = "\"${PODS_ROOT}/Target Support Files/Pods-TheBest-iOS/Pods-TheBest-iOS-resources.sh\"\n";
			showEnvVarsInLog = 0;
		};
		F4CEDC623D8C5914321E144F /* [CP] Embed Pods Frameworks */ = {
			isa = PBXShellScriptBuildPhase;
			buildActionMask = 2147483647;
			files = (
			);
			inputFileListPaths = (
				"${PODS_ROOT}/Target Support Files/Pods-TheBest-iOS/Pods-TheBest-iOS-frameworks-${CONFIGURATION}-input-files.xcfilelist",
			);
			name = "[CP] Embed Pods Frameworks";
			outputFileListPaths = (
				"${PODS_ROOT}/Target Support Files/Pods-TheBest-iOS/Pods-TheBest-iOS-frameworks-${CONFIGURATION}-output-files.xcfilelist",
			);
			runOnlyForDeploymentPostprocessing = 0;
			shellPath = /bin/sh;
			shellScript = "\"${PODS_ROOT}/Target Support Files/Pods-TheBest-iOS/Pods-TheBest-iOS-frameworks.sh\"\n";
			showEnvVarsInLog = 0;
		};
/* End PBXShellScriptBuildPhase section */

/* Begin PBXSourcesBuildPhase section */
		AACA7EAC24C759FA004437FC /* Sources */ = {
			isa = PBXSourcesBuildPhase;
			buildActionMask = 2147483647;
			files = (
				AAEBD30724E1E20C0010A81E /* CheckoutPresenter.swift in Sources */,
				AAC2DC6B24C8B77000378934 /* Drawer.swift in Sources */,
				AAF7F15924EF0B3300FAE7D7 /* SpecialCarResult.swift in Sources */,
				AAF9998224C78063009DB374 /* Alert.swift in Sources */,
				AAF9997F24C779E7009DB374 /* Router.swift in Sources */,
				AAC2DC6024C8AECD00378934 /* CategoriesCollectionViewCell.swift in Sources */,
				AA0269A224D63259008EA4F8 /* TaxiOrderVC+TaxiOrderViewDelegate.swift in Sources */,
				AAE1098524D1F75800C66670 /* CartPresenter.swift in Sources */,
				AAF6727E24E59AD10025C5C2 /* MarketTableViewCell.swift in Sources */,
				AAF98F6424E5B453006A1A6E /* FilterVC+MarketsViewDelegate.swift in Sources */,
				AACA7ECF24C760EA004437FC /* AboutUsViewController.swift in Sources */,
				AA0BC2EE24F588DE00430FFE /* LastOrdersVC.swift in Sources */,
				AAF6728924E5A5610025C5C2 /* MarketsVC+CLLocationManagerDelegate.swift in Sources */,
				AA04D6A024F84AE700BE4628 /* FurnitureVC+CollectionViewDelegate.swift in Sources */,
				AAF6728B24E5A6850025C5C2 /* Markets+MarketsViewDelegate.swift in Sources */,
				AA028A9524D6FBC9007255FD /* SetupPicker.swift in Sources */,
				AAB5C73824CB112000A6B6E4 /* Categories.swift in Sources */,
				AA0A5C3D24F0359500F61198 /* SpecialNeedCarVC+GMSAutocompleteViewControllerDelegate.swift in Sources */,
				AA028A9924D70A0B007255FD /* Distance.swift in Sources */,
				AABE304024E08A9900DFDE1B /* AfterCancelCollectionViewCell.swift in Sources */,
				AACA7EBE24C759FA004437FC /* TheBest_iOS.xcdatamodeld in Sources */,
				AAB5C73A24CB115800A6B6E4 /* HomePresenter.swift in Sources */,
				AAC2DC6924C8B71600378934 /* Gradient.swift in Sources */,
				AA026F7C24C788CE003FFF4E /* LoginPresenter.swift in Sources */,
				AA3239DD24E9842A009B9960 /* MarketTypes.swift in Sources */,
				AAB3082E24CCB29600D8FE0C /* MenuTableViewCell.swift in Sources */,
				AAF9997D24C778CC009DB374 /* LoginVC.swift in Sources */,
				AA02858A24D898570017E35D /* TaxiOrderVC+ GMSAutocompleteViewControllerDelegate.swift in Sources */,
				AAF6729124E5AD0E0025C5C2 /* FilterVC.swift in Sources */,
				AAB5C73C24CB172F00A6B6E4 /* HomeVC+HomeViewDelegate.swift in Sources */,
				AAA3B97E24D595C000852404 /* TaxiOrderVC.swift in Sources */,
				AAE1098324D1DD2500C66670 /* ProductVC+ProductViewDelegate.swift in Sources */,
				AABE303B24E088B900DFDE1B /* ReasonsCollectionViewCell.swift in Sources */,
				AA0A5C4124F03A3700F61198 /* SpecialNeedCarsVC+CollectionViewDelegates.swift in Sources */,
				AAF7F15B24EF0C2500FAE7D7 /* SpecialCarsServices.swift in Sources */,
				AAB5C74424CB377F00A6B6E4 /* FiltersCollectionViewCell.swift in Sources */,
				AAC2DC6324C8B0F800378934 /* AppCategory.swift in Sources */,
				AAEBD30A24E1E28E0010A81E /* CheckoutVC+CheckoutViewDelegate.swift in Sources */,
				AAC2DC5C24C8AA5B00378934 /* HomeVC.swift in Sources */,
				AA0A5C3A24F030CC00F61198 /* CarsTypesCollectionViewCell.swift in Sources */,
				AAB5C74924CB381B00A6B6E4 /* PlacesTableViewCell.swift in Sources */,
				AA02858424D869FB0017E35D /* DriversTableViewCell.swift in Sources */,
				AADD713D24CB73D900EE7FD1 /* VendorProfileVC.swift in Sources */,
				AA16D44824FA5B220074424A /* TrucksResult.swift in Sources */,
				AAF6728D24E5A7020025C5C2 /* MarketsVC+TableViewDelegate.swift in Sources */,
				AAB5C73624CB108800A6B6E4 /* CategoriesServices.swift in Sources */,
				AAEBD30524E1E0D60010A81E /* CheckoutVC.swift in Sources */,
				AAC2DC6524C8B25800378934 /* CustomViews.swift in Sources */,
				AA0D781A24F68AB900AB4ABA /* Equipments.swift in Sources */,
				AAB5C73E24CB319F00A6B6E4 /* SubCategories.swift in Sources */,
				AAE1098124D1DBB900C66670 /* CartServices.swift in Sources */,
				AAB1E57B24CA1D4500E3E499 /* SharedData.swift in Sources */,
				AA16D44A24FA5EA40074424A /* FurnitureVC+TableViewDelegate.swift in Sources */,
				AADD712C24CB3C7D00EE7FD1 /* StoresPresenter.swift in Sources */,
				AA025DBB24D5F3D40067C682 /* Taxi.swift in Sources */,
				AA026F8424C79DE8003FFF4E /* User.swift in Sources */,
				AAFCC96B24F7D1FB00D1B095 /* SpecialCarsTableViewCell.swift in Sources */,
				AA04D69824F845E300BE4628 /* FurnitureVCPresenter.swift in Sources */,
				AAB5C74C24CB39D600A6B6E4 /* StoresVC.swift in Sources */,
				AAE37C8524D49AC5002CB1D0 /* PlaceOrder.swift in Sources */,
				AACA7EB424C759FA004437FC /* AppDelegate.swift in Sources */,
				AAE1097D24D1D2B600C66670 /* CartVC.swift in Sources */,
				AAFCC96E24F7D41800D1B095 /* SpecialNeedCarVC+TableViewDelegate.swift in Sources */,
				AAF6727824E590F20025C5C2 /* Markets.swift in Sources */,
				AA026F8224C79B31003FFF4E /* AuthServices.swift in Sources */,
				AA028A9324D6F21C007255FD /* Constants.swift in Sources */,
				AAB1E57724CA13D900E3E499 /* RegisterVC.swift in Sources */,
				AAF6727A24E5975F0025C5C2 /* MarketsVC.swift in Sources */,
				AADD713524CB6FD700EE7FD1 /* MenuFilterCollectionViewCell.swift in Sources */,
				AADD713F24CB755D00EE7FD1 /* VendorProfile+VendorViewPresenter.swift in Sources */,
				AA04D6A224F84BCB00BE4628 /* FurnitureVC+FurnitureViewDelegate.swift in Sources */,
				AA0B883724CF6A2D0055F93E /* CartItemsTableViewCell.swift in Sources */,
				AA04D69E24F8478200BE4628 /* FurnitureServices.swift in Sources */,
				AADD712E24CB3DDD00EE7FD1 /* StoresVC+StoresViewDelegate.swift in Sources */,
				AA19194C24EF04E100EE080E /* SpecialNeedCar+TaxiOrderViewDelegate.swift in Sources */,
				AACA7ED324C760F8004437FC /* Guide.swift in Sources */,
				AAE1097F24D1D45500C66670 /* ProductPresenter.swift in Sources */,
				AA02858824D879580017E35D /* TaxiOrderVC+GMSMapViewDelegate.swift in Sources */,
				AA19194A24EF037500EE080E /* SpecialNeedCar+CLLocationManagerDelegate.swift in Sources */,
				AAEBD30224E1CCE10010A81E /* VariationTableViewCell.swift in Sources */,
				AAB1E57924CA1A1A00E3E499 /* RegisterPresenter.swift in Sources */,
				AA04D69624F8450E00BE4628 /* FurnitureVC+GMSAutocompleteViewControllerDelegate.swift in Sources */,
				AAF7F15D24EF0F5800FAE7D7 /* SpecialNeedCarPresenter.swift in Sources */,
				AA04D69024F8435500BE4628 /* FurnitureVC+CLLocationManagerDelegate.swift in Sources */,
				AA0B883324CF4B320055F93E /* ProductVC.swift in Sources */,
				AA0BC2F524F58FCE00430FFE /* LastOrders+CollectionViewDelegate.swift in Sources */,
				AA025ABD24E31C510018C3EE /* Images.swift in Sources */,
				AAB3082A24CCAD9500D8FE0C /* MenuItems.swift in Sources */,
				AAE1097A24D1CA1200C66670 /* CartItem.swift in Sources */,
				AA04D69424F8442600BE4628 /* FurnitureVC+GMSMapViewDelegate.swift in Sources */,
				AAF6728324E59DCD0025C5C2 /* NearByMarkets.swift in Sources */,
				AA0A5C3F24F0397E00F61198 /* SpecialNeedCarVC+SpecialNeedCarViewDelegate.swift in Sources */,
				AAC2DC6D24C8BB7700378934 /* DrawerVC.swift in Sources */,
				AADD713A24CB72BF00EE7FD1 /* MenuCategories.swift in Sources */,
				AA025DBE24D5F42C0067C682 /* TripsServices.swift in Sources */,
				AADD714124CB758300EE7FD1 /* VendorProfilePresenter.swift in Sources */,
				AA19194824EF01AC00EE080E /* SpecialNeedCarVC.swift in Sources */,
				AA4CB64024D5F73D00C861CA /* TaxiOrderPresenter.swift in Sources */,
				AACA7ED224C760F8004437FC /* AboutUsCollectionViewCell.swift in Sources */,
				AA04D68E24F83F4F00BE4628 /* FurnitureVC.swift in Sources */,
				AA026F8024C79A89003FFF4E /* API-Endpoints.swift in Sources */,
				AA026F7E24C78E24003FFF4E /* LoginVC+LoginViewDelegate.swift in Sources */,
				AAF7F15524EF0AE200FAE7D7 /* SpecialCars.swift in Sources */,
				AAE1098724D1F97C00C66670 /* CartVC+CartViewDelegate.swift in Sources */,
				AACA7EB624C759FA004437FC /* SceneDelegate.swift in Sources */,
				AAB1E57D24CA200F00E3E499 /* RegisterVC+RegisterViewDelegate.swift in Sources */,
				AA028A9724D708A6007255FD /* Drivers.swift in Sources */,
				AAF6728724E5A2A60025C5C2 /* MarketPresenter.swift in Sources */,
				AADD713124CB5C7700EE7FD1 /* Places.swift in Sources */,
				AA04D69224F8439000BE4628 /* FurnitureVC+TaxiOrderViewDelegate.swift in Sources */,
				AADD713824CB71CA00EE7FD1 /* VendorServices.swift in Sources */,
				AAF6728124E59D6E0025C5C2 /* MarketsServices.swift in Sources */,
				AA04D69B24F8472D00BE4628 /* TruckTypes.swift in Sources */,
				AAF7F15324EF06BB00FAE7D7 /* SpecialNeedCarVC+GMSMapViewDelegate.swift in Sources */,
			);
			runOnlyForDeploymentPostprocessing = 0;
		};
/* End PBXSourcesBuildPhase section */

/* Begin PBXVariantGroup section */
		AACA7EB924C759FA004437FC /* Main.storyboard */ = {
			isa = PBXVariantGroup;
			children = (
				AACA7EBA24C759FA004437FC /* Base */,
			);
			name = Main.storyboard;
			sourceTree = "<group>";
		};
		AACA7EC124C759FC004437FC /* LaunchScreen.storyboard */ = {
			isa = PBXVariantGroup;
			children = (
				AACA7EC224C759FC004437FC /* Base */,
			);
			name = LaunchScreen.storyboard;
			sourceTree = "<group>";
		};
/* End PBXVariantGroup section */

/* Begin XCBuildConfiguration section */
		AACA7EC524C759FC004437FC /* Debug */ = {
			isa = XCBuildConfiguration;
			buildSettings = {
				ALWAYS_SEARCH_USER_PATHS = NO;
				CLANG_ANALYZER_NONNULL = YES;
				CLANG_ANALYZER_NUMBER_OBJECT_CONVERSION = YES_AGGRESSIVE;
				CLANG_CXX_LANGUAGE_STANDARD = "gnu++14";
				CLANG_CXX_LIBRARY = "libc++";
				CLANG_ENABLE_MODULES = YES;
				CLANG_ENABLE_OBJC_ARC = YES;
				CLANG_ENABLE_OBJC_WEAK = YES;
				CLANG_WARN_BLOCK_CAPTURE_AUTORELEASING = YES;
				CLANG_WARN_BOOL_CONVERSION = YES;
				CLANG_WARN_COMMA = YES;
				CLANG_WARN_CONSTANT_CONVERSION = YES;
				CLANG_WARN_DEPRECATED_OBJC_IMPLEMENTATIONS = YES;
				CLANG_WARN_DIRECT_OBJC_ISA_USAGE = YES_ERROR;
				CLANG_WARN_DOCUMENTATION_COMMENTS = YES;
				CLANG_WARN_EMPTY_BODY = YES;
				CLANG_WARN_ENUM_CONVERSION = YES;
				CLANG_WARN_INFINITE_RECURSION = YES;
				CLANG_WARN_INT_CONVERSION = YES;
				CLANG_WARN_NON_LITERAL_NULL_CONVERSION = YES;
				CLANG_WARN_OBJC_IMPLICIT_RETAIN_SELF = YES;
				CLANG_WARN_OBJC_LITERAL_CONVERSION = YES;
				CLANG_WARN_OBJC_ROOT_CLASS = YES_ERROR;
				CLANG_WARN_RANGE_LOOP_ANALYSIS = YES;
				CLANG_WARN_STRICT_PROTOTYPES = YES;
				CLANG_WARN_SUSPICIOUS_MOVE = YES;
				CLANG_WARN_UNGUARDED_AVAILABILITY = YES_AGGRESSIVE;
				CLANG_WARN_UNREACHABLE_CODE = YES;
				CLANG_WARN__DUPLICATE_METHOD_MATCH = YES;
				COPY_PHASE_STRIP = NO;
				DEBUG_INFORMATION_FORMAT = dwarf;
				ENABLE_STRICT_OBJC_MSGSEND = YES;
				ENABLE_TESTABILITY = YES;
				GCC_C_LANGUAGE_STANDARD = gnu11;
				GCC_DYNAMIC_NO_PIC = NO;
				GCC_NO_COMMON_BLOCKS = YES;
				GCC_OPTIMIZATION_LEVEL = 0;
				GCC_PREPROCESSOR_DEFINITIONS = (
					"DEBUG=1",
					"$(inherited)",
				);
				GCC_WARN_64_TO_32_BIT_CONVERSION = YES;
				GCC_WARN_ABOUT_RETURN_TYPE = YES_ERROR;
				GCC_WARN_UNDECLARED_SELECTOR = YES;
				GCC_WARN_UNINITIALIZED_AUTOS = YES_AGGRESSIVE;
				GCC_WARN_UNUSED_FUNCTION = YES;
				GCC_WARN_UNUSED_VARIABLE = YES;
				IPHONEOS_DEPLOYMENT_TARGET = 13.2;
				MTL_ENABLE_DEBUG_INFO = INCLUDE_SOURCE;
				MTL_FAST_MATH = YES;
				ONLY_ACTIVE_ARCH = YES;
				SDKROOT = iphoneos;
				SWIFT_ACTIVE_COMPILATION_CONDITIONS = DEBUG;
				SWIFT_OPTIMIZATION_LEVEL = "-Onone";
			};
			name = Debug;
		};
		AACA7EC624C759FC004437FC /* Release */ = {
			isa = XCBuildConfiguration;
			buildSettings = {
				ALWAYS_SEARCH_USER_PATHS = NO;
				CLANG_ANALYZER_NONNULL = YES;
				CLANG_ANALYZER_NUMBER_OBJECT_CONVERSION = YES_AGGRESSIVE;
				CLANG_CXX_LANGUAGE_STANDARD = "gnu++14";
				CLANG_CXX_LIBRARY = "libc++";
				CLANG_ENABLE_MODULES = YES;
				CLANG_ENABLE_OBJC_ARC = YES;
				CLANG_ENABLE_OBJC_WEAK = YES;
				CLANG_WARN_BLOCK_CAPTURE_AUTORELEASING = YES;
				CLANG_WARN_BOOL_CONVERSION = YES;
				CLANG_WARN_COMMA = YES;
				CLANG_WARN_CONSTANT_CONVERSION = YES;
				CLANG_WARN_DEPRECATED_OBJC_IMPLEMENTATIONS = YES;
				CLANG_WARN_DIRECT_OBJC_ISA_USAGE = YES_ERROR;
				CLANG_WARN_DOCUMENTATION_COMMENTS = YES;
				CLANG_WARN_EMPTY_BODY = YES;
				CLANG_WARN_ENUM_CONVERSION = YES;
				CLANG_WARN_INFINITE_RECURSION = YES;
				CLANG_WARN_INT_CONVERSION = YES;
				CLANG_WARN_NON_LITERAL_NULL_CONVERSION = YES;
				CLANG_WARN_OBJC_IMPLICIT_RETAIN_SELF = YES;
				CLANG_WARN_OBJC_LITERAL_CONVERSION = YES;
				CLANG_WARN_OBJC_ROOT_CLASS = YES_ERROR;
				CLANG_WARN_RANGE_LOOP_ANALYSIS = YES;
				CLANG_WARN_STRICT_PROTOTYPES = YES;
				CLANG_WARN_SUSPICIOUS_MOVE = YES;
				CLANG_WARN_UNGUARDED_AVAILABILITY = YES_AGGRESSIVE;
				CLANG_WARN_UNREACHABLE_CODE = YES;
				CLANG_WARN__DUPLICATE_METHOD_MATCH = YES;
				COPY_PHASE_STRIP = NO;
				DEBUG_INFORMATION_FORMAT = "dwarf-with-dsym";
				ENABLE_NS_ASSERTIONS = NO;
				ENABLE_STRICT_OBJC_MSGSEND = YES;
				GCC_C_LANGUAGE_STANDARD = gnu11;
				GCC_NO_COMMON_BLOCKS = YES;
				GCC_WARN_64_TO_32_BIT_CONVERSION = YES;
				GCC_WARN_ABOUT_RETURN_TYPE = YES_ERROR;
				GCC_WARN_UNDECLARED_SELECTOR = YES;
				GCC_WARN_UNINITIALIZED_AUTOS = YES_AGGRESSIVE;
				GCC_WARN_UNUSED_FUNCTION = YES;
				GCC_WARN_UNUSED_VARIABLE = YES;
				IPHONEOS_DEPLOYMENT_TARGET = 13.2;
				MTL_ENABLE_DEBUG_INFO = NO;
				MTL_FAST_MATH = YES;
				SDKROOT = iphoneos;
				SWIFT_COMPILATION_MODE = wholemodule;
				SWIFT_OPTIMIZATION_LEVEL = "-O";
				VALIDATE_PRODUCT = YES;
			};
			name = Release;
		};
		AACA7EC824C759FC004437FC /* Debug */ = {
			isa = XCBuildConfiguration;
			baseConfigurationReference = 0134758B5A9571EE28B59EED /* Pods-TheBest-iOS.debug.xcconfig */;
			buildSettings = {
				ASSETCATALOG_COMPILER_APPICON_NAME = AppIcon;
				CODE_SIGN_STYLE = Automatic;
				DEVELOPMENT_TEAM = P675879D6G;
				INFOPLIST_FILE = "TheBest-iOS/Configurations/Info.plist";
				IPHONEOS_DEPLOYMENT_TARGET = 12.4;
				LD_RUNPATH_SEARCH_PATHS = (
					"$(inherited)",
					"@executable_path/Frameworks",
				);
				PRODUCT_BUNDLE_IDENTIFIER = "com.thebest.TheBest-iOS";
				PRODUCT_NAME = "$(TARGET_NAME)";
				SWIFT_VERSION = 5.0;
				TARGETED_DEVICE_FAMILY = 1;
			};
			name = Debug;
		};
		AACA7EC924C759FC004437FC /* Release */ = {
			isa = XCBuildConfiguration;
			baseConfigurationReference = 52F018959EDF489E8F15E64A /* Pods-TheBest-iOS.release.xcconfig */;
			buildSettings = {
				ASSETCATALOG_COMPILER_APPICON_NAME = AppIcon;
				CODE_SIGN_STYLE = Automatic;
				DEVELOPMENT_TEAM = P675879D6G;
				INFOPLIST_FILE = "TheBest-iOS/Configurations/Info.plist";
				IPHONEOS_DEPLOYMENT_TARGET = 12.4;
				LD_RUNPATH_SEARCH_PATHS = (
					"$(inherited)",
					"@executable_path/Frameworks",
				);
				PRODUCT_BUNDLE_IDENTIFIER = "com.thebest.TheBest-iOS";
				PRODUCT_NAME = "$(TARGET_NAME)";
				SWIFT_VERSION = 5.0;
				TARGETED_DEVICE_FAMILY = 1;
			};
			name = Release;
		};
/* End XCBuildConfiguration section */

/* Begin XCConfigurationList section */
		AACA7EAB24C759FA004437FC /* Build configuration list for PBXProject "TheBest-iOS" */ = {
			isa = XCConfigurationList;
			buildConfigurations = (
				AACA7EC524C759FC004437FC /* Debug */,
				AACA7EC624C759FC004437FC /* Release */,
			);
			defaultConfigurationIsVisible = 0;
			defaultConfigurationName = Release;
		};
		AACA7EC724C759FC004437FC /* Build configuration list for PBXNativeTarget "TheBest-iOS" */ = {
			isa = XCConfigurationList;
			buildConfigurations = (
				AACA7EC824C759FC004437FC /* Debug */,
				AACA7EC924C759FC004437FC /* Release */,
			);
			defaultConfigurationIsVisible = 0;
			defaultConfigurationName = Release;
		};
/* End XCConfigurationList section */

/* Begin XCVersionGroup section */
		AACA7EBC24C759FA004437FC /* TheBest_iOS.xcdatamodeld */ = {
			isa = XCVersionGroup;
			children = (
				AACA7EBD24C759FA004437FC /* TheBest_iOS.xcdatamodel */,
			);
			currentVersion = AACA7EBD24C759FA004437FC /* TheBest_iOS.xcdatamodel */;
			path = TheBest_iOS.xcdatamodeld;
			sourceTree = "<group>";
			versionGroupType = wrapper.xcdatamodel;
		};
/* End XCVersionGroup section */
	};
	rootObject = AACA7EA824C759FA004437FC /* Project object */;
}
